// !$*UTF8*$!
{
	archiveVersion = 1;
	classes = {
	};
	objectVersion = 46;
	objects = {

/* Begin PBXBuildFile section */
		CCD404451C514813008FBDD3 /* MasterDetailRouter.swift in Sources */ = {isa = PBXBuildFile; fileRef = CCD404441C514813008FBDD3 /* MasterDetailRouter.swift */; };
		CCE059851C57712F005F15AF /* RouterFocusable.swift in Sources */ = {isa = PBXBuildFile; fileRef = CCE059831C57712F005F15AF /* RouterFocusable.swift */; };
		CCE12EFA1C50ECBA00909924 /* AppDelegate.swift in Sources */ = {isa = PBXBuildFile; fileRef = CCE12EF91C50ECBA00909924 /* AppDelegate.swift */; };
		CCE12F031C50ECBA00909924 /* Assets.xcassets in Resources */ = {isa = PBXBuildFile; fileRef = CCE12F021C50ECBA00909924 /* Assets.xcassets */; };
		CCE12F061C50ECBA00909924 /* LaunchScreen.storyboard in Resources */ = {isa = PBXBuildFile; fileRef = CCE12F041C50ECBA00909924 /* LaunchScreen.storyboard */; };
		CCE12F2E1C50F02A00909924 /* AssemblyFactory.swift in Sources */ = {isa = PBXBuildFile; fileRef = CCE12F2D1C50F02A00909924 /* AssemblyFactory.swift */; };
		CCE12FB11C50F38F00909924 /* BaseRouter.swift in Sources */ = {isa = PBXBuildFile; fileRef = CCE12F8D1C50F38F00909924 /* BaseRouter.swift */; };
		CCE12FB21C50F38F00909924 /* BaseRouterObjc.swift in Sources */ = {isa = PBXBuildFile; fileRef = CCE12F8E1C50F38F00909924 /* BaseRouterObjc.swift */; };
		CCE12FB31C50F38F00909924 /* NavigationAnimationContext.swift in Sources */ = {isa = PBXBuildFile; fileRef = CCE12F8F1C50F38F00909924 /* NavigationAnimationContext.swift */; };
		CCE12FB41C50F38F00909924 /* NavigationAnimationContextCreator.swift in Sources */ = {isa = PBXBuildFile; fileRef = CCE12F901C50F38F00909924 /* NavigationAnimationContextCreator.swift */; };
		CCE12FB51C50F38F00909924 /* NavigationAnimationSourceParameters.swift in Sources */ = {isa = PBXBuildFile; fileRef = CCE12F911C50F38F00909924 /* NavigationAnimationSourceParameters.swift */; };
		CCE12FB61C50F38F00909924 /* NavigationAnimationStyle.swift in Sources */ = {isa = PBXBuildFile; fileRef = CCE12F921C50F38F00909924 /* NavigationAnimationStyle.swift */; };
		CCE12FB71C50F38F00909924 /* NavigationTransitionsAnimator.swift in Sources */ = {isa = PBXBuildFile; fileRef = CCE12F931C50F38F00909924 /* NavigationTransitionsAnimator.swift */; };
		CCE12FB81C50F38F00909924 /* NavigationTransitionsHandler.swift in Sources */ = {isa = PBXBuildFile; fileRef = CCE12F941C50F38F00909924 /* NavigationTransitionsHandler.swift */; };
		CCE12FB91C50F38F00909924 /* NavigationTransitionStorableParameters.swift in Sources */ = {isa = PBXBuildFile; fileRef = CCE12F951C50F38F00909924 /* NavigationTransitionStorableParameters.swift */; };
		CCE12FBA1C50F38F00909924 /* NavigationTransitionStyleConverter.swift in Sources */ = {isa = PBXBuildFile; fileRef = CCE12F961C50F38F00909924 /* NavigationTransitionStyleConverter.swift */; };
		CCE12FBB1C50F38F00909924 /* PopoverAnimationContext.swift in Sources */ = {isa = PBXBuildFile; fileRef = CCE12F971C50F38F00909924 /* PopoverAnimationContext.swift */; };
		CCE12FBC1C50F38F00909924 /* PopoverAnimationContextCreator.swift in Sources */ = {isa = PBXBuildFile; fileRef = CCE12F981C50F38F00909924 /* PopoverAnimationContextCreator.swift */; };
		CCE12FBD1C50F38F00909924 /* PopoverAnimationSourceParameters.swift in Sources */ = {isa = PBXBuildFile; fileRef = CCE12F991C50F38F00909924 /* PopoverAnimationSourceParameters.swift */; };
		CCE12FBE1C50F38F00909924 /* PopoverAnimationStyle.swift in Sources */ = {isa = PBXBuildFile; fileRef = CCE12F9A1C50F38F00909924 /* PopoverAnimationStyle.swift */; };
		CCE12FBF1C50F38F00909924 /* PopoverTransitionStorableParameters.swift in Sources */ = {isa = PBXBuildFile; fileRef = CCE12F9B1C50F38F00909924 /* PopoverTransitionStorableParameters.swift */; };
		CCE12FC01C50F38F00909924 /* PopoverTransitionStyleConverter.swift in Sources */ = {isa = PBXBuildFile; fileRef = CCE12F9C1C50F38F00909924 /* PopoverTransitionStyleConverter.swift */; };
		CCE12FC11C50F38F00909924 /* PopoverTranstionsAnimator.swift in Sources */ = {isa = PBXBuildFile; fileRef = CCE12F9D1C50F38F00909924 /* PopoverTranstionsAnimator.swift */; };
		CCE12FC21C50F38F00909924 /* Router.swift in Sources */ = {isa = PBXBuildFile; fileRef = CCE12F9E1C50F38F00909924 /* Router.swift */; };
		CCE12FC31C50F38F00909924 /* RouterDismisable.swift in Sources */ = {isa = PBXBuildFile; fileRef = CCE12F9F1C50F38F00909924 /* RouterDismisable.swift */; };
		CCE12FC41C50F38F00909924 /* SplitViewTransitionsHandler.swift in Sources */ = {isa = PBXBuildFile; fileRef = CCE12FA01C50F38F00909924 /* SplitViewTransitionsHandler.swift */; };
		CCE12FC51C50F38F00909924 /* TabBarTransitionsHandler.swift in Sources */ = {isa = PBXBuildFile; fileRef = CCE12FA11C50F38F00909924 /* TabBarTransitionsHandler.swift */; };
		CCE12FC61C50F38F00909924 /* TransitionAnimationContext.swift in Sources */ = {isa = PBXBuildFile; fileRef = CCE12FA21C50F38F00909924 /* TransitionAnimationContext.swift */; };
		CCE12FC71C50F38F00909924 /* TransitionAnimationContextCreator.swift in Sources */ = {isa = PBXBuildFile; fileRef = CCE12FA31C50F38F00909924 /* TransitionAnimationContextCreator.swift */; };
		CCE12FC81C50F38F00909924 /* TransitionAnimationSourceParameters.swift in Sources */ = {isa = PBXBuildFile; fileRef = CCE12FA41C50F38F00909924 /* TransitionAnimationSourceParameters.swift */; };
		CCE12FC91C50F38F00909924 /* TransitionAnimationTargetParameters.swift in Sources */ = {isa = PBXBuildFile; fileRef = CCE12FA51C50F38F00909924 /* TransitionAnimationTargetParameters.swift */; };
		CCE12FCA1C50F38F00909924 /* TransitionContextConverter.swift in Sources */ = {isa = PBXBuildFile; fileRef = CCE12FA61C50F38F00909924 /* TransitionContextConverter.swift */; };
		CCE12FCB1C50F38F00909924 /* TransitionContexts.swift in Sources */ = {isa = PBXBuildFile; fileRef = CCE12FA71C50F38F00909924 /* TransitionContexts.swift */; };
		CCE12FCC1C50F38F00909924 /* TransitionContextsStack.swift in Sources */ = {isa = PBXBuildFile; fileRef = CCE12FA81C50F38F00909924 /* TransitionContextsStack.swift */; };
		CCE12FCD1C50F38F00909924 /* TransitionsAnimator.swift in Sources */ = {isa = PBXBuildFile; fileRef = CCE12FA91C50F38F00909924 /* TransitionsAnimator.swift */; };
		CCE12FCE1C50F38F00909924 /* TransitionsHandler.swift in Sources */ = {isa = PBXBuildFile; fileRef = CCE12FAA1C50F38F00909924 /* TransitionsHandler.swift */; };
		CCE12FCF1C50F38F00909924 /* TransitionsHandlerStorer.swift in Sources */ = {isa = PBXBuildFile; fileRef = CCE12FAB1C50F38F00909924 /* TransitionsHandlerStorer.swift */; };
		CCE12FD01C50F38F00909924 /* TransitionStorableParameters.swift in Sources */ = {isa = PBXBuildFile; fileRef = CCE12FAC1C50F38F00909924 /* TransitionStorableParameters.swift */; };
		CCE12FD11C50F38F00909924 /* TransitionStyle.swift in Sources */ = {isa = PBXBuildFile; fileRef = CCE12FAD1C50F38F00909924 /* TransitionStyle.swift */; };
		CCE12FD21C50F38F00909924 /* TransitionStyleConverter.swift in Sources */ = {isa = PBXBuildFile; fileRef = CCE12FAE1C50F38F00909924 /* TransitionStyleConverter.swift */; };
		CCE12FD31C50F38F00909924 /* UIViewController+Wrapping.swift in Sources */ = {isa = PBXBuildFile; fileRef = CCE12FAF1C50F38F00909924 /* UIViewController+Wrapping.swift */; };
		CCE5DA811C52554D006270D7 /* NavigationTransitionsHandlerDelegate.swift in Sources */ = {isa = PBXBuildFile; fileRef = CCE5DA801C52554D006270D7 /* NavigationTransitionsHandlerDelegate.swift */; };
		CCE8C92F1C560CEA0041801D /* ApplicationAssembly.swift in Sources */ = {isa = PBXBuildFile; fileRef = CCE8C9201C560CEA0041801D /* ApplicationAssembly.swift */; };
		CCE8C9301C560CEA0041801D /* ApplicationAssemblyImpl.swift in Sources */ = {isa = PBXBuildFile; fileRef = CCE8C9211C560CEA0041801D /* ApplicationAssemblyImpl.swift */; };
		CCE8C9311C560CEA0041801D /* ApplicationInteractor.swift in Sources */ = {isa = PBXBuildFile; fileRef = CCE8C9221C560CEA0041801D /* ApplicationInteractor.swift */; };
		CCE8C9321C560CEA0041801D /* ApplicationInteractorImpl.swift in Sources */ = {isa = PBXBuildFile; fileRef = CCE8C9231C560CEA0041801D /* ApplicationInteractorImpl.swift */; };
		CCE8C9331C560CEA0041801D /* ApplicationPresenter.swift in Sources */ = {isa = PBXBuildFile; fileRef = CCE8C9241C560CEA0041801D /* ApplicationPresenter.swift */; };
		CCE8C93A1C560CEA0041801D /* ApplicationModuleInput.swift in Sources */ = {isa = PBXBuildFile; fileRef = CCE8C92B1C560CEA0041801D /* ApplicationModuleInput.swift */; };
		CCE8C95F1C561C780041801D /* FirstAssembly.swift in Sources */ = {isa = PBXBuildFile; fileRef = CCE8C93F1C561C780041801D /* FirstAssembly.swift */; };
		CCE8C9601C561C780041801D /* FirstAssemblyImpl.swift in Sources */ = {isa = PBXBuildFile; fileRef = CCE8C9401C561C780041801D /* FirstAssemblyImpl.swift */; };
		CCE8C9611C561C780041801D /* FirstInteractor.swift in Sources */ = {isa = PBXBuildFile; fileRef = CCE8C9411C561C780041801D /* FirstInteractor.swift */; };
		CCE8C9621C561C780041801D /* FirstInteractorImpl.swift in Sources */ = {isa = PBXBuildFile; fileRef = CCE8C9421C561C780041801D /* FirstInteractorImpl.swift */; };
		CCE8C9631C561C780041801D /* FirstInteractorOutput.swift in Sources */ = {isa = PBXBuildFile; fileRef = CCE8C9431C561C780041801D /* FirstInteractorOutput.swift */; };
		CCE8C9641C561C780041801D /* FirstModuleInput.swift in Sources */ = {isa = PBXBuildFile; fileRef = CCE8C9441C561C780041801D /* FirstModuleInput.swift */; };
		CCE8C9651C561C780041801D /* FirstModuleOutput.swift in Sources */ = {isa = PBXBuildFile; fileRef = CCE8C9451C561C780041801D /* FirstModuleOutput.swift */; };
		CCE8C9661C561C780041801D /* FirstOutput.swift in Sources */ = {isa = PBXBuildFile; fileRef = CCE8C9461C561C780041801D /* FirstOutput.swift */; };
		CCE8C9671C561C780041801D /* FirstPresenter.swift in Sources */ = {isa = PBXBuildFile; fileRef = CCE8C9471C561C780041801D /* FirstPresenter.swift */; };
		CCE8C9681C561C780041801D /* FirstRouter.swift in Sources */ = {isa = PBXBuildFile; fileRef = CCE8C9481C561C780041801D /* FirstRouter.swift */; };
		CCE8C9691C561C780041801D /* FirstRouterImpl.swift in Sources */ = {isa = PBXBuildFile; fileRef = CCE8C9491C561C780041801D /* FirstRouterImpl.swift */; };
		CCE8C96A1C561C780041801D /* FirstRouterImpl_iPadDetail.swift in Sources */ = {isa = PBXBuildFile; fileRef = CCE8C94A1C561C780041801D /* FirstRouterImpl_iPadDetail.swift */; };
		CCE8C96B1C561C780041801D /* FirstRouterImpl_iPadMaster.swift in Sources */ = {isa = PBXBuildFile; fileRef = CCE8C94B1C561C780041801D /* FirstRouterImpl_iPadMaster.swift */; };
		CCE8C96C1C561C780041801D /* FirstView.swift in Sources */ = {isa = PBXBuildFile; fileRef = CCE8C94C1C561C780041801D /* FirstView.swift */; };
		CCE8C96D1C561C780041801D /* FirstViewController.swift in Sources */ = {isa = PBXBuildFile; fileRef = CCE8C94D1C561C780041801D /* FirstViewController.swift */; };
		CCE8C96E1C561C780041801D /* FirstViewInput.swift in Sources */ = {isa = PBXBuildFile; fileRef = CCE8C94E1C561C780041801D /* FirstViewInput.swift */; };
		CCE8C96F1C561C780041801D /* SecondAssembly.swift in Sources */ = {isa = PBXBuildFile; fileRef = CCE8C9501C561C780041801D /* SecondAssembly.swift */; };
		CCE8C9701C561C780041801D /* SecondAssemblyImpl.swift in Sources */ = {isa = PBXBuildFile; fileRef = CCE8C9511C561C780041801D /* SecondAssemblyImpl.swift */; };
		CCE8C9711C561C780041801D /* SecondInteractor.swift in Sources */ = {isa = PBXBuildFile; fileRef = CCE8C9521C561C780041801D /* SecondInteractor.swift */; };
		CCE8C9721C561C780041801D /* SecondInteractorImpl.swift in Sources */ = {isa = PBXBuildFile; fileRef = CCE8C9531C561C780041801D /* SecondInteractorImpl.swift */; };
		CCE8C9731C561C780041801D /* SecondInteractorOuput.swift in Sources */ = {isa = PBXBuildFile; fileRef = CCE8C9541C561C780041801D /* SecondInteractorOuput.swift */; };
		CCE8C9741C561C780041801D /* SecondModuleInput.swift in Sources */ = {isa = PBXBuildFile; fileRef = CCE8C9551C561C780041801D /* SecondModuleInput.swift */; };
		CCE8C9751C561C780041801D /* SecondModuleOutput.swift in Sources */ = {isa = PBXBuildFile; fileRef = CCE8C9561C561C780041801D /* SecondModuleOutput.swift */; };
		CCE8C9761C561C780041801D /* SecondPresenter.swift in Sources */ = {isa = PBXBuildFile; fileRef = CCE8C9571C561C780041801D /* SecondPresenter.swift */; };
		CCE8C9771C561C780041801D /* SecondRouter.swift in Sources */ = {isa = PBXBuildFile; fileRef = CCE8C9581C561C780041801D /* SecondRouter.swift */; };
		CCE8C9781C561C780041801D /* SecondRouterImpl.swift in Sources */ = {isa = PBXBuildFile; fileRef = CCE8C9591C561C780041801D /* SecondRouterImpl.swift */; };
		CCE8C9791C561C780041801D /* SecondRouterImpl_iPad.swift in Sources */ = {isa = PBXBuildFile; fileRef = CCE8C95A1C561C780041801D /* SecondRouterImpl_iPad.swift */; };
		CCE8C97A1C561C780041801D /* SecondViewController.swift in Sources */ = {isa = PBXBuildFile; fileRef = CCE8C95B1C561C780041801D /* SecondViewController.swift */; };
		CCE8C97B1C561C780041801D /* SecondViewImpl.swift in Sources */ = {isa = PBXBuildFile; fileRef = CCE8C95C1C561C780041801D /* SecondViewImpl.swift */; };
		CCE8C97C1C561C780041801D /* SecondViewInput.swift in Sources */ = {isa = PBXBuildFile; fileRef = CCE8C95D1C561C780041801D /* SecondViewInput.swift */; };
		CCE8C97D1C561C780041801D /* SecondViewOutput.swift in Sources */ = {isa = PBXBuildFile; fileRef = CCE8C95E1C561C780041801D /* SecondViewOutput.swift */; };
		CCE8C98D1C561C8F0041801D /* ApplicationNavigationAssembly.swift in Sources */ = {isa = PBXBuildFile; fileRef = CCE8C97E1C561C8F0041801D /* ApplicationNavigationAssembly.swift */; };
		CCE8C98E1C561C8F0041801D /* ApplicationNavigationAssemblyImpl.swift in Sources */ = {isa = PBXBuildFile; fileRef = CCE8C97F1C561C8F0041801D /* ApplicationNavigationAssemblyImpl.swift */; };
		CCE8C98F1C561C8F0041801D /* ApplicationNavigationInteractor.swift in Sources */ = {isa = PBXBuildFile; fileRef = CCE8C9801C561C8F0041801D /* ApplicationNavigationInteractor.swift */; };
		CCE8C9901C561C8F0041801D /* ApplicationNavigationInteractorImpl.swift in Sources */ = {isa = PBXBuildFile; fileRef = CCE8C9811C561C8F0041801D /* ApplicationNavigationInteractorImpl.swift */; };
		CCE8C9911C561C8F0041801D /* ApplicationNavigationPresenter.swift in Sources */ = {isa = PBXBuildFile; fileRef = CCE8C9821C561C8F0041801D /* ApplicationNavigationPresenter.swift */; };
		CCE8C9921C561C8F0041801D /* ApplicationNavigationRouter.swift in Sources */ = {isa = PBXBuildFile; fileRef = CCE8C9831C561C8F0041801D /* ApplicationNavigationRouter.swift */; };
		CCE8C9931C561C8F0041801D /* ApplicationNavigationRouterImpl.swift in Sources */ = {isa = PBXBuildFile; fileRef = CCE8C9841C561C8F0041801D /* ApplicationNavigationRouterImpl.swift */; };
		CCE8C9951C561C8F0041801D /* ApplicationNavigationViewController.swift in Sources */ = {isa = PBXBuildFile; fileRef = CCE8C9861C561C8F0041801D /* ApplicationNavigationViewController.swift */; };
		CCE8C9981C561C8F0041801D /* ApplicationNavigationModuleInput.swift in Sources */ = {isa = PBXBuildFile; fileRef = CCE8C9891C561C8F0041801D /* ApplicationNavigationModuleInput.swift */; };
		CCE8C9991C561C8F0041801D /* ApplicationNavigationModuleOutput.swift in Sources */ = {isa = PBXBuildFile; fileRef = CCE8C98A1C561C8F0041801D /* ApplicationNavigationModuleOutput.swift */; };
		CCE8C99A1C561C8F0041801D /* ApplicationNavigationViewOutput.swift in Sources */ = {isa = PBXBuildFile; fileRef = CCE8C98B1C561C8F0041801D /* ApplicationNavigationViewOutput.swift */; };
		CCE8C99B1C561C8F0041801D /* ApplicationNavigationViewInput.swift in Sources */ = {isa = PBXBuildFile; fileRef = CCE8C98C1C561C8F0041801D /* ApplicationNavigationViewInput.swift */; };
		CCE8C9CB1C563A610041801D /* AuthorizationAssembly.swift in Sources */ = {isa = PBXBuildFile; fileRef = CCE8C9BC1C563A610041801D /* AuthorizationAssembly.swift */; };
		CCE8C9CC1C563A610041801D /* AuthorizationAssemblyImpl.swift in Sources */ = {isa = PBXBuildFile; fileRef = CCE8C9BD1C563A610041801D /* AuthorizationAssemblyImpl.swift */; };
		CCE8C9CD1C563A610041801D /* AuthorizationInteractor.swift in Sources */ = {isa = PBXBuildFile; fileRef = CCE8C9BE1C563A610041801D /* AuthorizationInteractor.swift */; };
		CCE8C9CE1C563A610041801D /* AuthorizationInteractorImpl.swift in Sources */ = {isa = PBXBuildFile; fileRef = CCE8C9BF1C563A610041801D /* AuthorizationInteractorImpl.swift */; };
		CCE8C9CF1C563A610041801D /* AuthorizationPresenter.swift in Sources */ = {isa = PBXBuildFile; fileRef = CCE8C9C01C563A610041801D /* AuthorizationPresenter.swift */; };
		CCE8C9D01C563A610041801D /* AuthorizationRouter.swift in Sources */ = {isa = PBXBuildFile; fileRef = CCE8C9C11C563A610041801D /* AuthorizationRouter.swift */; };
		CCE8C9D11C563A610041801D /* AuthorizationRouterImpl.swift in Sources */ = {isa = PBXBuildFile; fileRef = CCE8C9C21C563A610041801D /* AuthorizationRouterImpl.swift */; };
		CCE8C9D21C563A610041801D /* AuthorizationView.swift in Sources */ = {isa = PBXBuildFile; fileRef = CCE8C9C31C563A610041801D /* AuthorizationView.swift */; };
		CCE8C9D31C563A610041801D /* AuthorizationViewController.swift in Sources */ = {isa = PBXBuildFile; fileRef = CCE8C9C41C563A610041801D /* AuthorizationViewController.swift */; };
		CCE8C9D61C563A610041801D /* AuthorizationModuleInput.swift in Sources */ = {isa = PBXBuildFile; fileRef = CCE8C9C71C563A610041801D /* AuthorizationModuleInput.swift */; };
		CCE8C9D71C563A610041801D /* AuthorizationModuleOutput.swift in Sources */ = {isa = PBXBuildFile; fileRef = CCE8C9C81C563A610041801D /* AuthorizationModuleOutput.swift */; };
		CCE8C9D81C563A610041801D /* AuthorizationViewOutput.swift in Sources */ = {isa = PBXBuildFile; fileRef = CCE8C9C91C563A610041801D /* AuthorizationViewOutput.swift */; };
		CCE8C9D91C563A610041801D /* AuthorizationViewInput.swift in Sources */ = {isa = PBXBuildFile; fileRef = CCE8C9CA1C563A610041801D /* AuthorizationViewInput.swift */; };
/* End PBXBuildFile section */

/* Begin PBXFileReference section */
		CCD404441C514813008FBDD3 /* MasterDetailRouter.swift */ = {isa = PBXFileReference; fileEncoding = 4; lastKnownFileType = sourcecode.swift; path = MasterDetailRouter.swift; sourceTree = "<group>"; };
		CCE059831C57712F005F15AF /* RouterFocusable.swift */ = {isa = PBXFileReference; fileEncoding = 4; lastKnownFileType = sourcecode.swift; path = RouterFocusable.swift; sourceTree = "<group>"; };
		CCE12EF61C50ECBA00909924 /* Navigation-Prototype.app */ = {isa = PBXFileReference; explicitFileType = wrapper.application; includeInIndex = 0; path = "Navigation-Prototype.app"; sourceTree = BUILT_PRODUCTS_DIR; };
		CCE12EF91C50ECBA00909924 /* AppDelegate.swift */ = {isa = PBXFileReference; lastKnownFileType = sourcecode.swift; path = AppDelegate.swift; sourceTree = "<group>"; };
		CCE12F021C50ECBA00909924 /* Assets.xcassets */ = {isa = PBXFileReference; lastKnownFileType = folder.assetcatalog; path = Assets.xcassets; sourceTree = "<group>"; };
		CCE12F051C50ECBA00909924 /* Base */ = {isa = PBXFileReference; lastKnownFileType = file.storyboard; name = Base; path = Base.lproj/LaunchScreen.storyboard; sourceTree = "<group>"; };
		CCE12F071C50ECBA00909924 /* Info.plist */ = {isa = PBXFileReference; lastKnownFileType = text.plist.xml; path = Info.plist; sourceTree = "<group>"; };
		CCE12F2D1C50F02A00909924 /* AssemblyFactory.swift */ = {isa = PBXFileReference; fileEncoding = 4; lastKnownFileType = sourcecode.swift; path = AssemblyFactory.swift; sourceTree = "<group>"; };
		CCE12F8D1C50F38F00909924 /* BaseRouter.swift */ = {isa = PBXFileReference; fileEncoding = 4; lastKnownFileType = sourcecode.swift; path = BaseRouter.swift; sourceTree = "<group>"; };
		CCE12F8E1C50F38F00909924 /* BaseRouterObjc.swift */ = {isa = PBXFileReference; fileEncoding = 4; lastKnownFileType = sourcecode.swift; path = BaseRouterObjc.swift; sourceTree = "<group>"; };
		CCE12F8F1C50F38F00909924 /* NavigationAnimationContext.swift */ = {isa = PBXFileReference; fileEncoding = 4; lastKnownFileType = sourcecode.swift; path = NavigationAnimationContext.swift; sourceTree = "<group>"; };
		CCE12F901C50F38F00909924 /* NavigationAnimationContextCreator.swift */ = {isa = PBXFileReference; fileEncoding = 4; lastKnownFileType = sourcecode.swift; path = NavigationAnimationContextCreator.swift; sourceTree = "<group>"; };
		CCE12F911C50F38F00909924 /* NavigationAnimationSourceParameters.swift */ = {isa = PBXFileReference; fileEncoding = 4; lastKnownFileType = sourcecode.swift; path = NavigationAnimationSourceParameters.swift; sourceTree = "<group>"; };
		CCE12F921C50F38F00909924 /* NavigationAnimationStyle.swift */ = {isa = PBXFileReference; fileEncoding = 4; lastKnownFileType = sourcecode.swift; path = NavigationAnimationStyle.swift; sourceTree = "<group>"; };
		CCE12F931C50F38F00909924 /* NavigationTransitionsAnimator.swift */ = {isa = PBXFileReference; fileEncoding = 4; lastKnownFileType = sourcecode.swift; path = NavigationTransitionsAnimator.swift; sourceTree = "<group>"; };
		CCE12F941C50F38F00909924 /* NavigationTransitionsHandler.swift */ = {isa = PBXFileReference; fileEncoding = 4; lastKnownFileType = sourcecode.swift; path = NavigationTransitionsHandler.swift; sourceTree = "<group>"; };
		CCE12F951C50F38F00909924 /* NavigationTransitionStorableParameters.swift */ = {isa = PBXFileReference; fileEncoding = 4; lastKnownFileType = sourcecode.swift; path = NavigationTransitionStorableParameters.swift; sourceTree = "<group>"; };
		CCE12F961C50F38F00909924 /* NavigationTransitionStyleConverter.swift */ = {isa = PBXFileReference; fileEncoding = 4; lastKnownFileType = sourcecode.swift; path = NavigationTransitionStyleConverter.swift; sourceTree = "<group>"; };
		CCE12F971C50F38F00909924 /* PopoverAnimationContext.swift */ = {isa = PBXFileReference; fileEncoding = 4; lastKnownFileType = sourcecode.swift; path = PopoverAnimationContext.swift; sourceTree = "<group>"; };
		CCE12F981C50F38F00909924 /* PopoverAnimationContextCreator.swift */ = {isa = PBXFileReference; fileEncoding = 4; lastKnownFileType = sourcecode.swift; path = PopoverAnimationContextCreator.swift; sourceTree = "<group>"; };
		CCE12F991C50F38F00909924 /* PopoverAnimationSourceParameters.swift */ = {isa = PBXFileReference; fileEncoding = 4; lastKnownFileType = sourcecode.swift; path = PopoverAnimationSourceParameters.swift; sourceTree = "<group>"; };
		CCE12F9A1C50F38F00909924 /* PopoverAnimationStyle.swift */ = {isa = PBXFileReference; fileEncoding = 4; lastKnownFileType = sourcecode.swift; path = PopoverAnimationStyle.swift; sourceTree = "<group>"; };
		CCE12F9B1C50F38F00909924 /* PopoverTransitionStorableParameters.swift */ = {isa = PBXFileReference; fileEncoding = 4; lastKnownFileType = sourcecode.swift; path = PopoverTransitionStorableParameters.swift; sourceTree = "<group>"; };
		CCE12F9C1C50F38F00909924 /* PopoverTransitionStyleConverter.swift */ = {isa = PBXFileReference; fileEncoding = 4; lastKnownFileType = sourcecode.swift; path = PopoverTransitionStyleConverter.swift; sourceTree = "<group>"; };
		CCE12F9D1C50F38F00909924 /* PopoverTranstionsAnimator.swift */ = {isa = PBXFileReference; fileEncoding = 4; lastKnownFileType = sourcecode.swift; path = PopoverTranstionsAnimator.swift; sourceTree = "<group>"; };
		CCE12F9E1C50F38F00909924 /* Router.swift */ = {isa = PBXFileReference; fileEncoding = 4; lastKnownFileType = sourcecode.swift; path = Router.swift; sourceTree = "<group>"; };
		CCE12F9F1C50F38F00909924 /* RouterDismisable.swift */ = {isa = PBXFileReference; fileEncoding = 4; lastKnownFileType = sourcecode.swift; path = RouterDismisable.swift; sourceTree = "<group>"; };
		CCE12FA01C50F38F00909924 /* SplitViewTransitionsHandler.swift */ = {isa = PBXFileReference; fileEncoding = 4; lastKnownFileType = sourcecode.swift; path = SplitViewTransitionsHandler.swift; sourceTree = "<group>"; };
		CCE12FA11C50F38F00909924 /* TabBarTransitionsHandler.swift */ = {isa = PBXFileReference; fileEncoding = 4; lastKnownFileType = sourcecode.swift; path = TabBarTransitionsHandler.swift; sourceTree = "<group>"; };
		CCE12FA21C50F38F00909924 /* TransitionAnimationContext.swift */ = {isa = PBXFileReference; fileEncoding = 4; lastKnownFileType = sourcecode.swift; path = TransitionAnimationContext.swift; sourceTree = "<group>"; };
		CCE12FA31C50F38F00909924 /* TransitionAnimationContextCreator.swift */ = {isa = PBXFileReference; fileEncoding = 4; lastKnownFileType = sourcecode.swift; path = TransitionAnimationContextCreator.swift; sourceTree = "<group>"; };
		CCE12FA41C50F38F00909924 /* TransitionAnimationSourceParameters.swift */ = {isa = PBXFileReference; fileEncoding = 4; lastKnownFileType = sourcecode.swift; path = TransitionAnimationSourceParameters.swift; sourceTree = "<group>"; };
		CCE12FA51C50F38F00909924 /* TransitionAnimationTargetParameters.swift */ = {isa = PBXFileReference; fileEncoding = 4; lastKnownFileType = sourcecode.swift; path = TransitionAnimationTargetParameters.swift; sourceTree = "<group>"; };
		CCE12FA61C50F38F00909924 /* TransitionContextConverter.swift */ = {isa = PBXFileReference; fileEncoding = 4; lastKnownFileType = sourcecode.swift; path = TransitionContextConverter.swift; sourceTree = "<group>"; };
		CCE12FA71C50F38F00909924 /* TransitionContexts.swift */ = {isa = PBXFileReference; fileEncoding = 4; lastKnownFileType = sourcecode.swift; path = TransitionContexts.swift; sourceTree = "<group>"; };
		CCE12FA81C50F38F00909924 /* TransitionContextsStack.swift */ = {isa = PBXFileReference; fileEncoding = 4; lastKnownFileType = sourcecode.swift; path = TransitionContextsStack.swift; sourceTree = "<group>"; };
		CCE12FA91C50F38F00909924 /* TransitionsAnimator.swift */ = {isa = PBXFileReference; fileEncoding = 4; lastKnownFileType = sourcecode.swift; path = TransitionsAnimator.swift; sourceTree = "<group>"; };
		CCE12FAA1C50F38F00909924 /* TransitionsHandler.swift */ = {isa = PBXFileReference; fileEncoding = 4; lastKnownFileType = sourcecode.swift; path = TransitionsHandler.swift; sourceTree = "<group>"; };
		CCE12FAB1C50F38F00909924 /* TransitionsHandlerStorer.swift */ = {isa = PBXFileReference; fileEncoding = 4; lastKnownFileType = sourcecode.swift; path = TransitionsHandlerStorer.swift; sourceTree = "<group>"; };
		CCE12FAC1C50F38F00909924 /* TransitionStorableParameters.swift */ = {isa = PBXFileReference; fileEncoding = 4; lastKnownFileType = sourcecode.swift; path = TransitionStorableParameters.swift; sourceTree = "<group>"; };
		CCE12FAD1C50F38F00909924 /* TransitionStyle.swift */ = {isa = PBXFileReference; fileEncoding = 4; lastKnownFileType = sourcecode.swift; path = TransitionStyle.swift; sourceTree = "<group>"; };
		CCE12FAE1C50F38F00909924 /* TransitionStyleConverter.swift */ = {isa = PBXFileReference; fileEncoding = 4; lastKnownFileType = sourcecode.swift; path = TransitionStyleConverter.swift; sourceTree = "<group>"; };
		CCE12FAF1C50F38F00909924 /* UIViewController+Wrapping.swift */ = {isa = PBXFileReference; fileEncoding = 4; lastKnownFileType = sourcecode.swift; path = "UIViewController+Wrapping.swift"; sourceTree = "<group>"; };
		CCE5DA801C52554D006270D7 /* NavigationTransitionsHandlerDelegate.swift */ = {isa = PBXFileReference; fileEncoding = 4; lastKnownFileType = sourcecode.swift; path = NavigationTransitionsHandlerDelegate.swift; sourceTree = "<group>"; };
		CCE8C9201C560CEA0041801D /* ApplicationAssembly.swift */ = {isa = PBXFileReference; fileEncoding = 4; lastKnownFileType = sourcecode.swift; path = ApplicationAssembly.swift; sourceTree = "<group>"; };
		CCE8C9211C560CEA0041801D /* ApplicationAssemblyImpl.swift */ = {isa = PBXFileReference; fileEncoding = 4; lastKnownFileType = sourcecode.swift; path = ApplicationAssemblyImpl.swift; sourceTree = "<group>"; };
		CCE8C9221C560CEA0041801D /* ApplicationInteractor.swift */ = {isa = PBXFileReference; fileEncoding = 4; lastKnownFileType = sourcecode.swift; path = ApplicationInteractor.swift; sourceTree = "<group>"; };
		CCE8C9231C560CEA0041801D /* ApplicationInteractorImpl.swift */ = {isa = PBXFileReference; fileEncoding = 4; lastKnownFileType = sourcecode.swift; path = ApplicationInteractorImpl.swift; sourceTree = "<group>"; };
		CCE8C9241C560CEA0041801D /* ApplicationPresenter.swift */ = {isa = PBXFileReference; fileEncoding = 4; lastKnownFileType = sourcecode.swift; path = ApplicationPresenter.swift; sourceTree = "<group>"; };
		CCE8C92B1C560CEA0041801D /* ApplicationModuleInput.swift */ = {isa = PBXFileReference; fileEncoding = 4; lastKnownFileType = sourcecode.swift; path = ApplicationModuleInput.swift; sourceTree = "<group>"; };
		CCE8C93F1C561C780041801D /* FirstAssembly.swift */ = {isa = PBXFileReference; fileEncoding = 4; lastKnownFileType = sourcecode.swift; path = FirstAssembly.swift; sourceTree = "<group>"; };
		CCE8C9401C561C780041801D /* FirstAssemblyImpl.swift */ = {isa = PBXFileReference; fileEncoding = 4; lastKnownFileType = sourcecode.swift; path = FirstAssemblyImpl.swift; sourceTree = "<group>"; };
		CCE8C9411C561C780041801D /* FirstInteractor.swift */ = {isa = PBXFileReference; fileEncoding = 4; lastKnownFileType = sourcecode.swift; path = FirstInteractor.swift; sourceTree = "<group>"; };
		CCE8C9421C561C780041801D /* FirstInteractorImpl.swift */ = {isa = PBXFileReference; fileEncoding = 4; lastKnownFileType = sourcecode.swift; path = FirstInteractorImpl.swift; sourceTree = "<group>"; };
		CCE8C9431C561C780041801D /* FirstInteractorOutput.swift */ = {isa = PBXFileReference; fileEncoding = 4; lastKnownFileType = sourcecode.swift; path = FirstInteractorOutput.swift; sourceTree = "<group>"; };
		CCE8C9441C561C780041801D /* FirstModuleInput.swift */ = {isa = PBXFileReference; fileEncoding = 4; lastKnownFileType = sourcecode.swift; path = FirstModuleInput.swift; sourceTree = "<group>"; };
		CCE8C9451C561C780041801D /* FirstModuleOutput.swift */ = {isa = PBXFileReference; fileEncoding = 4; lastKnownFileType = sourcecode.swift; path = FirstModuleOutput.swift; sourceTree = "<group>"; };
		CCE8C9461C561C780041801D /* FirstOutput.swift */ = {isa = PBXFileReference; fileEncoding = 4; lastKnownFileType = sourcecode.swift; path = FirstOutput.swift; sourceTree = "<group>"; };
		CCE8C9471C561C780041801D /* FirstPresenter.swift */ = {isa = PBXFileReference; fileEncoding = 4; lastKnownFileType = sourcecode.swift; path = FirstPresenter.swift; sourceTree = "<group>"; };
		CCE8C9481C561C780041801D /* FirstRouter.swift */ = {isa = PBXFileReference; fileEncoding = 4; lastKnownFileType = sourcecode.swift; path = FirstRouter.swift; sourceTree = "<group>"; };
		CCE8C9491C561C780041801D /* FirstRouterImpl.swift */ = {isa = PBXFileReference; fileEncoding = 4; lastKnownFileType = sourcecode.swift; path = FirstRouterImpl.swift; sourceTree = "<group>"; };
		CCE8C94A1C561C780041801D /* FirstRouterImpl_iPadDetail.swift */ = {isa = PBXFileReference; fileEncoding = 4; lastKnownFileType = sourcecode.swift; path = FirstRouterImpl_iPadDetail.swift; sourceTree = "<group>"; };
		CCE8C94B1C561C780041801D /* FirstRouterImpl_iPadMaster.swift */ = {isa = PBXFileReference; fileEncoding = 4; lastKnownFileType = sourcecode.swift; path = FirstRouterImpl_iPadMaster.swift; sourceTree = "<group>"; };
		CCE8C94C1C561C780041801D /* FirstView.swift */ = {isa = PBXFileReference; fileEncoding = 4; lastKnownFileType = sourcecode.swift; path = FirstView.swift; sourceTree = "<group>"; };
		CCE8C94D1C561C780041801D /* FirstViewController.swift */ = {isa = PBXFileReference; fileEncoding = 4; lastKnownFileType = sourcecode.swift; path = FirstViewController.swift; sourceTree = "<group>"; };
		CCE8C94E1C561C780041801D /* FirstViewInput.swift */ = {isa = PBXFileReference; fileEncoding = 4; lastKnownFileType = sourcecode.swift; path = FirstViewInput.swift; sourceTree = "<group>"; };
		CCE8C9501C561C780041801D /* SecondAssembly.swift */ = {isa = PBXFileReference; fileEncoding = 4; lastKnownFileType = sourcecode.swift; path = SecondAssembly.swift; sourceTree = "<group>"; };
		CCE8C9511C561C780041801D /* SecondAssemblyImpl.swift */ = {isa = PBXFileReference; fileEncoding = 4; lastKnownFileType = sourcecode.swift; path = SecondAssemblyImpl.swift; sourceTree = "<group>"; };
		CCE8C9521C561C780041801D /* SecondInteractor.swift */ = {isa = PBXFileReference; fileEncoding = 4; lastKnownFileType = sourcecode.swift; path = SecondInteractor.swift; sourceTree = "<group>"; };
		CCE8C9531C561C780041801D /* SecondInteractorImpl.swift */ = {isa = PBXFileReference; fileEncoding = 4; lastKnownFileType = sourcecode.swift; path = SecondInteractorImpl.swift; sourceTree = "<group>"; };
		CCE8C9541C561C780041801D /* SecondInteractorOuput.swift */ = {isa = PBXFileReference; fileEncoding = 4; lastKnownFileType = sourcecode.swift; path = SecondInteractorOuput.swift; sourceTree = "<group>"; };
		CCE8C9551C561C780041801D /* SecondModuleInput.swift */ = {isa = PBXFileReference; fileEncoding = 4; lastKnownFileType = sourcecode.swift; path = SecondModuleInput.swift; sourceTree = "<group>"; };
		CCE8C9561C561C780041801D /* SecondModuleOutput.swift */ = {isa = PBXFileReference; fileEncoding = 4; lastKnownFileType = sourcecode.swift; path = SecondModuleOutput.swift; sourceTree = "<group>"; };
		CCE8C9571C561C780041801D /* SecondPresenter.swift */ = {isa = PBXFileReference; fileEncoding = 4; lastKnownFileType = sourcecode.swift; path = SecondPresenter.swift; sourceTree = "<group>"; };
		CCE8C9581C561C780041801D /* SecondRouter.swift */ = {isa = PBXFileReference; fileEncoding = 4; lastKnownFileType = sourcecode.swift; path = SecondRouter.swift; sourceTree = "<group>"; };
		CCE8C9591C561C780041801D /* SecondRouterImpl.swift */ = {isa = PBXFileReference; fileEncoding = 4; lastKnownFileType = sourcecode.swift; path = SecondRouterImpl.swift; sourceTree = "<group>"; };
		CCE8C95A1C561C780041801D /* SecondRouterImpl_iPad.swift */ = {isa = PBXFileReference; fileEncoding = 4; lastKnownFileType = sourcecode.swift; path = SecondRouterImpl_iPad.swift; sourceTree = "<group>"; };
		CCE8C95B1C561C780041801D /* SecondViewController.swift */ = {isa = PBXFileReference; fileEncoding = 4; lastKnownFileType = sourcecode.swift; path = SecondViewController.swift; sourceTree = "<group>"; };
		CCE8C95C1C561C780041801D /* SecondViewImpl.swift */ = {isa = PBXFileReference; fileEncoding = 4; lastKnownFileType = sourcecode.swift; path = SecondViewImpl.swift; sourceTree = "<group>"; };
		CCE8C95D1C561C780041801D /* SecondViewInput.swift */ = {isa = PBXFileReference; fileEncoding = 4; lastKnownFileType = sourcecode.swift; path = SecondViewInput.swift; sourceTree = "<group>"; };
		CCE8C95E1C561C780041801D /* SecondViewOutput.swift */ = {isa = PBXFileReference; fileEncoding = 4; lastKnownFileType = sourcecode.swift; path = SecondViewOutput.swift; sourceTree = "<group>"; };
		CCE8C97E1C561C8F0041801D /* ApplicationNavigationAssembly.swift */ = {isa = PBXFileReference; fileEncoding = 4; lastKnownFileType = sourcecode.swift; path = ApplicationNavigationAssembly.swift; sourceTree = "<group>"; };
		CCE8C97F1C561C8F0041801D /* ApplicationNavigationAssemblyImpl.swift */ = {isa = PBXFileReference; fileEncoding = 4; lastKnownFileType = sourcecode.swift; path = ApplicationNavigationAssemblyImpl.swift; sourceTree = "<group>"; };
		CCE8C9801C561C8F0041801D /* ApplicationNavigationInteractor.swift */ = {isa = PBXFileReference; fileEncoding = 4; lastKnownFileType = sourcecode.swift; path = ApplicationNavigationInteractor.swift; sourceTree = "<group>"; };
		CCE8C9811C561C8F0041801D /* ApplicationNavigationInteractorImpl.swift */ = {isa = PBXFileReference; fileEncoding = 4; lastKnownFileType = sourcecode.swift; path = ApplicationNavigationInteractorImpl.swift; sourceTree = "<group>"; };
		CCE8C9821C561C8F0041801D /* ApplicationNavigationPresenter.swift */ = {isa = PBXFileReference; fileEncoding = 4; lastKnownFileType = sourcecode.swift; path = ApplicationNavigationPresenter.swift; sourceTree = "<group>"; };
		CCE8C9831C561C8F0041801D /* ApplicationNavigationRouter.swift */ = {isa = PBXFileReference; fileEncoding = 4; lastKnownFileType = sourcecode.swift; path = ApplicationNavigationRouter.swift; sourceTree = "<group>"; };
		CCE8C9841C561C8F0041801D /* ApplicationNavigationRouterImpl.swift */ = {isa = PBXFileReference; fileEncoding = 4; lastKnownFileType = sourcecode.swift; path = ApplicationNavigationRouterImpl.swift; sourceTree = "<group>"; };
		CCE8C9861C561C8F0041801D /* ApplicationNavigationViewController.swift */ = {isa = PBXFileReference; fileEncoding = 4; lastKnownFileType = sourcecode.swift; path = ApplicationNavigationViewController.swift; sourceTree = "<group>"; };
		CCE8C9891C561C8F0041801D /* ApplicationNavigationModuleInput.swift */ = {isa = PBXFileReference; fileEncoding = 4; lastKnownFileType = sourcecode.swift; path = ApplicationNavigationModuleInput.swift; sourceTree = "<group>"; };
		CCE8C98A1C561C8F0041801D /* ApplicationNavigationModuleOutput.swift */ = {isa = PBXFileReference; fileEncoding = 4; lastKnownFileType = sourcecode.swift; path = ApplicationNavigationModuleOutput.swift; sourceTree = "<group>"; };
		CCE8C98B1C561C8F0041801D /* ApplicationNavigationViewOutput.swift */ = {isa = PBXFileReference; fileEncoding = 4; lastKnownFileType = sourcecode.swift; path = ApplicationNavigationViewOutput.swift; sourceTree = "<group>"; };
		CCE8C98C1C561C8F0041801D /* ApplicationNavigationViewInput.swift */ = {isa = PBXFileReference; fileEncoding = 4; lastKnownFileType = sourcecode.swift; path = ApplicationNavigationViewInput.swift; sourceTree = "<group>"; };
		CCE8C9BC1C563A610041801D /* AuthorizationAssembly.swift */ = {isa = PBXFileReference; fileEncoding = 4; lastKnownFileType = sourcecode.swift; path = AuthorizationAssembly.swift; sourceTree = "<group>"; };
		CCE8C9BD1C563A610041801D /* AuthorizationAssemblyImpl.swift */ = {isa = PBXFileReference; fileEncoding = 4; lastKnownFileType = sourcecode.swift; path = AuthorizationAssemblyImpl.swift; sourceTree = "<group>"; };
		CCE8C9BE1C563A610041801D /* AuthorizationInteractor.swift */ = {isa = PBXFileReference; fileEncoding = 4; lastKnownFileType = sourcecode.swift; path = AuthorizationInteractor.swift; sourceTree = "<group>"; };
		CCE8C9BF1C563A610041801D /* AuthorizationInteractorImpl.swift */ = {isa = PBXFileReference; fileEncoding = 4; lastKnownFileType = sourcecode.swift; path = AuthorizationInteractorImpl.swift; sourceTree = "<group>"; };
		CCE8C9C01C563A610041801D /* AuthorizationPresenter.swift */ = {isa = PBXFileReference; fileEncoding = 4; lastKnownFileType = sourcecode.swift; path = AuthorizationPresenter.swift; sourceTree = "<group>"; };
		CCE8C9C11C563A610041801D /* AuthorizationRouter.swift */ = {isa = PBXFileReference; fileEncoding = 4; lastKnownFileType = sourcecode.swift; path = AuthorizationRouter.swift; sourceTree = "<group>"; };
		CCE8C9C21C563A610041801D /* AuthorizationRouterImpl.swift */ = {isa = PBXFileReference; fileEncoding = 4; lastKnownFileType = sourcecode.swift; path = AuthorizationRouterImpl.swift; sourceTree = "<group>"; };
		CCE8C9C31C563A610041801D /* AuthorizationView.swift */ = {isa = PBXFileReference; fileEncoding = 4; lastKnownFileType = sourcecode.swift; path = AuthorizationView.swift; sourceTree = "<group>"; };
		CCE8C9C41C563A610041801D /* AuthorizationViewController.swift */ = {isa = PBXFileReference; fileEncoding = 4; lastKnownFileType = sourcecode.swift; path = AuthorizationViewController.swift; sourceTree = "<group>"; };
		CCE8C9C71C563A610041801D /* AuthorizationModuleInput.swift */ = {isa = PBXFileReference; fileEncoding = 4; lastKnownFileType = sourcecode.swift; path = AuthorizationModuleInput.swift; sourceTree = "<group>"; };
		CCE8C9C81C563A610041801D /* AuthorizationModuleOutput.swift */ = {isa = PBXFileReference; fileEncoding = 4; lastKnownFileType = sourcecode.swift; path = AuthorizationModuleOutput.swift; sourceTree = "<group>"; };
		CCE8C9C91C563A610041801D /* AuthorizationViewOutput.swift */ = {isa = PBXFileReference; fileEncoding = 4; lastKnownFileType = sourcecode.swift; path = AuthorizationViewOutput.swift; sourceTree = "<group>"; };
		CCE8C9CA1C563A610041801D /* AuthorizationViewInput.swift */ = {isa = PBXFileReference; fileEncoding = 4; lastKnownFileType = sourcecode.swift; path = AuthorizationViewInput.swift; sourceTree = "<group>"; };
/* End PBXFileReference section */

/* Begin PBXFrameworksBuildPhase section */
		CCE12EF31C50ECBA00909924 /* Frameworks */ = {
			isa = PBXFrameworksBuildPhase;
			buildActionMask = 2147483647;
			files = (
			);
			runOnlyForDeploymentPostprocessing = 0;
		};
/* End PBXFrameworksBuildPhase section */

/* Begin PBXGroup section */
		CCE12EED1C50ECBA00909924 = {
			isa = PBXGroup;
			children = (
				CCE12EF81C50ECBA00909924 /* Navigation-Prototype */,
				CCE12EF71C50ECBA00909924 /* Products */,
			);
			sourceTree = "<group>";
		};
		CCE12EF71C50ECBA00909924 /* Products */ = {
			isa = PBXGroup;
			children = (
				CCE12EF61C50ECBA00909924 /* Navigation-Prototype.app */,
			);
			name = Products;
			sourceTree = "<group>";
		};
		CCE12EF81C50ECBA00909924 /* Navigation-Prototype */ = {
			isa = PBXGroup;
			children = (
				CCE12EF91C50ECBA00909924 /* AppDelegate.swift */,
				CCE12F2C1C50F00E00909924 /* General */,
				CCE12F8B1C50F19300909924 /* Transitions */,
				CCE12F2F1C50F0A500909924 /* ApplicationModule */,
				CCE12F301C50F0A500909924 /* ApplicationNavigationModule */,
				CCE8C93E1C561C780041801D /* FirstModule */,
				CCE8C94F1C561C780041801D /* SecondModule */,
				CCE8C99D1C563A430041801D /* AuthorizationModule */,
				CCE12F021C50ECBA00909924 /* Assets.xcassets */,
				CCE12F041C50ECBA00909924 /* LaunchScreen.storyboard */,
				CCE12F071C50ECBA00909924 /* Info.plist */,
			);
			path = "Navigation-Prototype";
			sourceTree = "<group>";
		};
		CCE12F2C1C50F00E00909924 /* General */ = {
			isa = PBXGroup;
			children = (
				CCE12F2D1C50F02A00909924 /* AssemblyFactory.swift */,
			);
			path = General;
			sourceTree = "<group>";
		};
		CCE12F2F1C50F0A500909924 /* ApplicationModule */ = {
			isa = PBXGroup;
			children = (
				CCE8C9201C560CEA0041801D /* ApplicationAssembly.swift */,
				CCE8C9211C560CEA0041801D /* ApplicationAssemblyImpl.swift */,
				CCE8C9221C560CEA0041801D /* ApplicationInteractor.swift */,
				CCE8C9231C560CEA0041801D /* ApplicationInteractorImpl.swift */,
				CCE8C9241C560CEA0041801D /* ApplicationPresenter.swift */,
				CCE8C92B1C560CEA0041801D /* ApplicationModuleInput.swift */,
			);
			path = ApplicationModule;
			sourceTree = "<group>";
		};
		CCE12F301C50F0A500909924 /* ApplicationNavigationModule */ = {
			isa = PBXGroup;
			children = (
				CCE8C97E1C561C8F0041801D /* ApplicationNavigationAssembly.swift */,
				CCE8C97F1C561C8F0041801D /* ApplicationNavigationAssemblyImpl.swift */,
				CCE8C9801C561C8F0041801D /* ApplicationNavigationInteractor.swift */,
				CCE8C9811C561C8F0041801D /* ApplicationNavigationInteractorImpl.swift */,
				CCE8C9821C561C8F0041801D /* ApplicationNavigationPresenter.swift */,
				CCE8C9831C561C8F0041801D /* ApplicationNavigationRouter.swift */,
				CCE8C9841C561C8F0041801D /* ApplicationNavigationRouterImpl.swift */,
				CCE8C9861C561C8F0041801D /* ApplicationNavigationViewController.swift */,
				CCE8C9891C561C8F0041801D /* ApplicationNavigationModuleInput.swift */,
				CCE8C98A1C561C8F0041801D /* ApplicationNavigationModuleOutput.swift */,
				CCE8C98B1C561C8F0041801D /* ApplicationNavigationViewOutput.swift */,
				CCE8C98C1C561C8F0041801D /* ApplicationNavigationViewInput.swift */,
			);
			path = ApplicationNavigationModule;
			sourceTree = "<group>";
		};
		CCE12F8B1C50F19300909924 /* Transitions */ = {
			isa = PBXGroup;
			children = (
				CCE12F8D1C50F38F00909924 /* BaseRouter.swift */,
				CCD404441C514813008FBDD3 /* MasterDetailRouter.swift */,
				CCE12F8E1C50F38F00909924 /* BaseRouterObjc.swift */,
				CCE12F8F1C50F38F00909924 /* NavigationAnimationContext.swift */,
				CCE12F901C50F38F00909924 /* NavigationAnimationContextCreator.swift */,
				CCE12F911C50F38F00909924 /* NavigationAnimationSourceParameters.swift */,
				CCE12F921C50F38F00909924 /* NavigationAnimationStyle.swift */,
				CCE12F931C50F38F00909924 /* NavigationTransitionsAnimator.swift */,
				CCE12F941C50F38F00909924 /* NavigationTransitionsHandler.swift */,
				CCE5DA801C52554D006270D7 /* NavigationTransitionsHandlerDelegate.swift */,
				CCE12F951C50F38F00909924 /* NavigationTransitionStorableParameters.swift */,
				CCE12F961C50F38F00909924 /* NavigationTransitionStyleConverter.swift */,
				CCE12F971C50F38F00909924 /* PopoverAnimationContext.swift */,
				CCE12F981C50F38F00909924 /* PopoverAnimationContextCreator.swift */,
				CCE12F991C50F38F00909924 /* PopoverAnimationSourceParameters.swift */,
				CCE12F9A1C50F38F00909924 /* PopoverAnimationStyle.swift */,
				CCE12F9B1C50F38F00909924 /* PopoverTransitionStorableParameters.swift */,
				CCE12F9C1C50F38F00909924 /* PopoverTransitionStyleConverter.swift */,
				CCE12F9D1C50F38F00909924 /* PopoverTranstionsAnimator.swift */,
				CCE12F9E1C50F38F00909924 /* Router.swift */,
				CCE059831C57712F005F15AF /* RouterFocusable.swift */,
				CCE12F9F1C50F38F00909924 /* RouterDismisable.swift */,
				CCE12FA01C50F38F00909924 /* SplitViewTransitionsHandler.swift */,
				CCE12FA11C50F38F00909924 /* TabBarTransitionsHandler.swift */,
				CCE12FA21C50F38F00909924 /* TransitionAnimationContext.swift */,
				CCE12FA31C50F38F00909924 /* TransitionAnimationContextCreator.swift */,
				CCE12FA41C50F38F00909924 /* TransitionAnimationSourceParameters.swift */,
				CCE12FA51C50F38F00909924 /* TransitionAnimationTargetParameters.swift */,
				CCE12FA61C50F38F00909924 /* TransitionContextConverter.swift */,
				CCE12FA71C50F38F00909924 /* TransitionContexts.swift */,
				CCE12FA81C50F38F00909924 /* TransitionContextsStack.swift */,
				CCE12FA91C50F38F00909924 /* TransitionsAnimator.swift */,
				CCE12FAA1C50F38F00909924 /* TransitionsHandler.swift */,
				CCE12FAB1C50F38F00909924 /* TransitionsHandlerStorer.swift */,
				CCE12FAC1C50F38F00909924 /* TransitionStorableParameters.swift */,
				CCE12FAD1C50F38F00909924 /* TransitionStyle.swift */,
				CCE12FAE1C50F38F00909924 /* TransitionStyleConverter.swift */,
				CCE12FAF1C50F38F00909924 /* UIViewController+Wrapping.swift */,
			);
			name = Transitions;
			path = General;
			sourceTree = "<group>";
		};
		CCE8C93E1C561C780041801D /* FirstModule */ = {
			isa = PBXGroup;
			children = (
				CCE8C93F1C561C780041801D /* FirstAssembly.swift */,
				CCE8C9401C561C780041801D /* FirstAssemblyImpl.swift */,
				CCE8C9411C561C780041801D /* FirstInteractor.swift */,
				CCE8C9421C561C780041801D /* FirstInteractorImpl.swift */,
				CCE8C9431C561C780041801D /* FirstInteractorOutput.swift */,
				CCE8C9441C561C780041801D /* FirstModuleInput.swift */,
				CCE8C9451C561C780041801D /* FirstModuleOutput.swift */,
				CCE8C9461C561C780041801D /* FirstOutput.swift */,
				CCE8C9471C561C780041801D /* FirstPresenter.swift */,
				CCE8C9481C561C780041801D /* FirstRouter.swift */,
				CCE8C9491C561C780041801D /* FirstRouterImpl.swift */,
				CCE8C94A1C561C780041801D /* FirstRouterImpl_iPadDetail.swift */,
				CCE8C94B1C561C780041801D /* FirstRouterImpl_iPadMaster.swift */,
				CCE8C94C1C561C780041801D /* FirstView.swift */,
				CCE8C94D1C561C780041801D /* FirstViewController.swift */,
				CCE8C94E1C561C780041801D /* FirstViewInput.swift */,
			);
			path = FirstModule;
			sourceTree = "<group>";
		};
		CCE8C94F1C561C780041801D /* SecondModule */ = {
			isa = PBXGroup;
			children = (
				CCE8C9501C561C780041801D /* SecondAssembly.swift */,
				CCE8C9511C561C780041801D /* SecondAssemblyImpl.swift */,
				CCE8C9521C561C780041801D /* SecondInteractor.swift */,
				CCE8C9531C561C780041801D /* SecondInteractorImpl.swift */,
				CCE8C9541C561C780041801D /* SecondInteractorOuput.swift */,
				CCE8C9551C561C780041801D /* SecondModuleInput.swift */,
				CCE8C9561C561C780041801D /* SecondModuleOutput.swift */,
				CCE8C9571C561C780041801D /* SecondPresenter.swift */,
				CCE8C9581C561C780041801D /* SecondRouter.swift */,
				CCE8C9591C561C780041801D /* SecondRouterImpl.swift */,
				CCE8C95A1C561C780041801D /* SecondRouterImpl_iPad.swift */,
				CCE8C95B1C561C780041801D /* SecondViewController.swift */,
				CCE8C95C1C561C780041801D /* SecondViewImpl.swift */,
				CCE8C95D1C561C780041801D /* SecondViewInput.swift */,
				CCE8C95E1C561C780041801D /* SecondViewOutput.swift */,
			);
			path = SecondModule;
			sourceTree = "<group>";
		};
		CCE8C99D1C563A430041801D /* AuthorizationModule */ = {
			isa = PBXGroup;
			children = (
				CCE8C9BC1C563A610041801D /* AuthorizationAssembly.swift */,
				CCE8C9BD1C563A610041801D /* AuthorizationAssemblyImpl.swift */,
				CCE8C9BE1C563A610041801D /* AuthorizationInteractor.swift */,
				CCE8C9BF1C563A610041801D /* AuthorizationInteractorImpl.swift */,
				CCE8C9C01C563A610041801D /* AuthorizationPresenter.swift */,
				CCE8C9C11C563A610041801D /* AuthorizationRouter.swift */,
				CCE8C9C21C563A610041801D /* AuthorizationRouterImpl.swift */,
				CCE8C9C31C563A610041801D /* AuthorizationView.swift */,
				CCE8C9C41C563A610041801D /* AuthorizationViewController.swift */,
				CCE8C9C71C563A610041801D /* AuthorizationModuleInput.swift */,
				CCE8C9C81C563A610041801D /* AuthorizationModuleOutput.swift */,
				CCE8C9C91C563A610041801D /* AuthorizationViewOutput.swift */,
				CCE8C9CA1C563A610041801D /* AuthorizationViewInput.swift */,
			);
			path = AuthorizationModule;
			sourceTree = "<group>";
		};
/* End PBXGroup section */

/* Begin PBXNativeTarget section */
		CCE12EF51C50ECBA00909924 /* Navigation-Prototype */ = {
			isa = PBXNativeTarget;
			buildConfigurationList = CCE12F0A1C50ECBA00909924 /* Build configuration list for PBXNativeTarget "Navigation-Prototype" */;
			buildPhases = (
				CCE12EF21C50ECBA00909924 /* Sources */,
				CCE12EF31C50ECBA00909924 /* Frameworks */,
				CCE12EF41C50ECBA00909924 /* Resources */,
			);
			buildRules = (
			);
			dependencies = (
			);
			name = "Navigation-Prototype";
			productName = "Navigation-Prototype";
			productReference = CCE12EF61C50ECBA00909924 /* Navigation-Prototype.app */;
			productType = "com.apple.product-type.application";
		};
/* End PBXNativeTarget section */

/* Begin PBXProject section */
		CCE12EEE1C50ECBA00909924 /* Project object */ = {
			isa = PBXProject;
			attributes = {
				LastSwiftUpdateCheck = 0720;
				LastUpgradeCheck = 0720;
				ORGANIZATIONNAME = "Тимур Юсипов";
				TargetAttributes = {
					CCE12EF51C50ECBA00909924 = {
						CreatedOnToolsVersion = 7.2;
					};
				};
			};
			buildConfigurationList = CCE12EF11C50ECBA00909924 /* Build configuration list for PBXProject "Navigation-Prototype" */;
			compatibilityVersion = "Xcode 3.2";
			developmentRegion = English;
			hasScannedForEncodings = 0;
			knownRegions = (
				en,
				Base,
			);
			mainGroup = CCE12EED1C50ECBA00909924;
			productRefGroup = CCE12EF71C50ECBA00909924 /* Products */;
			projectDirPath = "";
			projectRoot = "";
			targets = (
				CCE12EF51C50ECBA00909924 /* Navigation-Prototype */,
			);
		};
/* End PBXProject section */

/* Begin PBXResourcesBuildPhase section */
		CCE12EF41C50ECBA00909924 /* Resources */ = {
			isa = PBXResourcesBuildPhase;
			buildActionMask = 2147483647;
			files = (
				CCE12F061C50ECBA00909924 /* LaunchScreen.storyboard in Resources */,
				CCE12F031C50ECBA00909924 /* Assets.xcassets in Resources */,
			);
			runOnlyForDeploymentPostprocessing = 0;
		};
/* End PBXResourcesBuildPhase section */

/* Begin PBXSourcesBuildPhase section */
		CCE12EF21C50ECBA00909924 /* Sources */ = {
			isa = PBXSourcesBuildPhase;
			buildActionMask = 2147483647;
			files = (
				CCE8C9CF1C563A610041801D /* AuthorizationPresenter.swift in Sources */,
				CCE12FCE1C50F38F00909924 /* TransitionsHandler.swift in Sources */,
				CCE8C98D1C561C8F0041801D /* ApplicationNavigationAssembly.swift in Sources */,
				CCE12FC21C50F38F00909924 /* Router.swift in Sources */,
				CCE8C9D91C563A610041801D /* AuthorizationViewInput.swift in Sources */,
				CCE8C97C1C561C780041801D /* SecondViewInput.swift in Sources */,
				CCE8C9931C561C8F0041801D /* ApplicationNavigationRouterImpl.swift in Sources */,
				CCE8C9671C561C780041801D /* FirstPresenter.swift in Sources */,
				CCE8C9781C561C780041801D /* SecondRouterImpl.swift in Sources */,
				CCE12FCC1C50F38F00909924 /* TransitionContextsStack.swift in Sources */,
				CCE8C97D1C561C780041801D /* SecondViewOutput.swift in Sources */,
				CCE12FB31C50F38F00909924 /* NavigationAnimationContext.swift in Sources */,
				CCE8C9661C561C780041801D /* FirstOutput.swift in Sources */,
				CCE8C9D61C563A610041801D /* AuthorizationModuleInput.swift in Sources */,
				CCE12FC61C50F38F00909924 /* TransitionAnimationContext.swift in Sources */,
				CCE12EFA1C50ECBA00909924 /* AppDelegate.swift in Sources */,
				CCE8C9641C561C780041801D /* FirstModuleInput.swift in Sources */,
				CCE8C96B1C561C780041801D /* FirstRouterImpl_iPadMaster.swift in Sources */,
				CCE8C9791C561C780041801D /* SecondRouterImpl_iPad.swift in Sources */,
				CCE8C96F1C561C780041801D /* SecondAssembly.swift in Sources */,
				CCE12FB11C50F38F00909924 /* BaseRouter.swift in Sources */,
				CCE12FD21C50F38F00909924 /* TransitionStyleConverter.swift in Sources */,
				CCE12FB71C50F38F00909924 /* NavigationTransitionsAnimator.swift in Sources */,
				CCE8C9921C561C8F0041801D /* ApplicationNavigationRouter.swift in Sources */,
				CCE12FB51C50F38F00909924 /* NavigationAnimationSourceParameters.swift in Sources */,
				CCE8C9321C560CEA0041801D /* ApplicationInteractorImpl.swift in Sources */,
				CCD404451C514813008FBDD3 /* MasterDetailRouter.swift in Sources */,
				CCE8C9301C560CEA0041801D /* ApplicationAssemblyImpl.swift in Sources */,
				CCE12FB21C50F38F00909924 /* BaseRouterObjc.swift in Sources */,
				CCE8C9991C561C8F0041801D /* ApplicationNavigationModuleOutput.swift in Sources */,
				CCE12FB81C50F38F00909924 /* NavigationTransitionsHandler.swift in Sources */,
				CCE12FC01C50F38F00909924 /* PopoverTransitionStyleConverter.swift in Sources */,
				CCE8C95F1C561C780041801D /* FirstAssembly.swift in Sources */,
				CCE8C99B1C561C8F0041801D /* ApplicationNavigationViewInput.swift in Sources */,
				CCE8C92F1C560CEA0041801D /* ApplicationAssembly.swift in Sources */,
				CCE12FBC1C50F38F00909924 /* PopoverAnimationContextCreator.swift in Sources */,
				CCE8C9601C561C780041801D /* FirstAssemblyImpl.swift in Sources */,
				CCE8C9D11C563A610041801D /* AuthorizationRouterImpl.swift in Sources */,
				CCE8C9CC1C563A610041801D /* AuthorizationAssemblyImpl.swift in Sources */,
				CCE059851C57712F005F15AF /* RouterFocusable.swift in Sources */,
				CCE8C9711C561C780041801D /* SecondInteractor.swift in Sources */,
				CCE8C9751C561C780041801D /* SecondModuleOutput.swift in Sources */,
				CCE8C98E1C561C8F0041801D /* ApplicationNavigationAssemblyImpl.swift in Sources */,
				CCE8C96C1C561C780041801D /* FirstView.swift in Sources */,
				CCE8C93A1C560CEA0041801D /* ApplicationModuleInput.swift in Sources */,
				CCE8C9D01C563A610041801D /* AuthorizationRouter.swift in Sources */,
				CCE8C9951C561C8F0041801D /* ApplicationNavigationViewController.swift in Sources */,
				CCE8C96D1C561C780041801D /* FirstViewController.swift in Sources */,
				CCE8C9981C561C8F0041801D /* ApplicationNavigationModuleInput.swift in Sources */,
				CCE12FBE1C50F38F00909924 /* PopoverAnimationStyle.swift in Sources */,
				CCE8C9611C561C780041801D /* FirstInteractor.swift in Sources */,
				CCE12FBF1C50F38F00909924 /* PopoverTransitionStorableParameters.swift in Sources */,
				CCE12FD01C50F38F00909924 /* TransitionStorableParameters.swift in Sources */,
				CCE8C9CB1C563A610041801D /* AuthorizationAssembly.swift in Sources */,
				CCE12FC91C50F38F00909924 /* TransitionAnimationTargetParameters.swift in Sources */,
				CCE8C9D81C563A610041801D /* AuthorizationViewOutput.swift in Sources */,
				CCE12FC31C50F38F00909924 /* RouterDismisable.swift in Sources */,
				CCE8C96E1C561C780041801D /* FirstViewInput.swift in Sources */,
				CCE12FB61C50F38F00909924 /* NavigationAnimationStyle.swift in Sources */,
				CCE8C9721C561C780041801D /* SecondInteractorImpl.swift in Sources */,
				CCE8C98F1C561C8F0041801D /* ApplicationNavigationInteractor.swift in Sources */,
				CCE12FC71C50F38F00909924 /* TransitionAnimationContextCreator.swift in Sources */,
				CCE8C9631C561C780041801D /* FirstInteractorOutput.swift in Sources */,
				CCE8C9741C561C780041801D /* SecondModuleInput.swift in Sources */,
				CCE8C9761C561C780041801D /* SecondPresenter.swift in Sources */,
				CCE8C9681C561C780041801D /* FirstRouter.swift in Sources */,
				CCE8C9331C560CEA0041801D /* ApplicationPresenter.swift in Sources */,
				CCE12FC81C50F38F00909924 /* TransitionAnimationSourceParameters.swift in Sources */,
				CCE8C9901C561C8F0041801D /* ApplicationNavigationInteractorImpl.swift in Sources */,
				CCE12FBD1C50F38F00909924 /* PopoverAnimationSourceParameters.swift in Sources */,
				CCE8C9D31C563A610041801D /* AuthorizationViewController.swift in Sources */,
				CCE8C9691C561C780041801D /* FirstRouterImpl.swift in Sources */,
				CCE8C96A1C561C780041801D /* FirstRouterImpl_iPadDetail.swift in Sources */,
				CCE12FD31C50F38F00909924 /* UIViewController+Wrapping.swift in Sources */,
				CCE8C9771C561C780041801D /* SecondRouter.swift in Sources */,
				CCE8C9311C560CEA0041801D /* ApplicationInteractor.swift in Sources */,
				CCE12FCB1C50F38F00909924 /* TransitionContexts.swift in Sources */,
				CCE12FCA1C50F38F00909924 /* TransitionContextConverter.swift in Sources */,
				CCE8C9CD1C563A610041801D /* AuthorizationInteractor.swift in Sources */,
				CCE12FCF1C50F38F00909924 /* TransitionsHandlerStorer.swift in Sources */,
				CCE12FB91C50F38F00909924 /* NavigationTransitionStorableParameters.swift in Sources */,
				CCE8C97A1C561C780041801D /* SecondViewController.swift in Sources */,
				CCE8C9D71C563A610041801D /* AuthorizationModuleOutput.swift in Sources */,
				CCE8C99A1C561C8F0041801D /* ApplicationNavigationViewOutput.swift in Sources */,
				CCE12FBB1C50F38F00909924 /* PopoverAnimationContext.swift in Sources */,
				CCE8C9621C561C780041801D /* FirstInteractorImpl.swift in Sources */,
				CCE5DA811C52554D006270D7 /* NavigationTransitionsHandlerDelegate.swift in Sources */,
				CCE12FC41C50F38F00909924 /* SplitViewTransitionsHandler.swift in Sources */,
				CCE12F2E1C50F02A00909924 /* AssemblyFactory.swift in Sources */,
				CCE12FCD1C50F38F00909924 /* TransitionsAnimator.swift in Sources */,
				CCE12FC11C50F38F00909924 /* PopoverTranstionsAnimator.swift in Sources */,
				CCE8C97B1C561C780041801D /* SecondViewImpl.swift in Sources */,
				CCE8C9651C561C780041801D /* FirstModuleOutput.swift in Sources */,
				CCE12FD11C50F38F00909924 /* TransitionStyle.swift in Sources */,
				CCE8C9CE1C563A610041801D /* AuthorizationInteractorImpl.swift in Sources */,
				CCE12FB41C50F38F00909924 /* NavigationAnimationContextCreator.swift in Sources */,
				CCE8C9911C561C8F0041801D /* ApplicationNavigationPresenter.swift in Sources */,
				CCE8C9731C561C780041801D /* SecondInteractorOuput.swift in Sources */,
				CCE8C9701C561C780041801D /* SecondAssemblyImpl.swift in Sources */,
				CCE12FBA1C50F38F00909924 /* NavigationTransitionStyleConverter.swift in Sources */,
				CCE12FC51C50F38F00909924 /* TabBarTransitionsHandler.swift in Sources */,
				CCE8C9D21C563A610041801D /* AuthorizationView.swift in Sources */,
			);
			runOnlyForDeploymentPostprocessing = 0;
		};
/* End PBXSourcesBuildPhase section */

/* Begin PBXVariantGroup section */
		CCE12F041C50ECBA00909924 /* LaunchScreen.storyboard */ = {
			isa = PBXVariantGroup;
			children = (
				CCE12F051C50ECBA00909924 /* Base */,
			);
			name = LaunchScreen.storyboard;
			sourceTree = "<group>";
		};
/* End PBXVariantGroup section */

/* Begin XCBuildConfiguration section */
		CCE12F081C50ECBA00909924 /* Debug */ = {
			isa = XCBuildConfiguration;
			buildSettings = {
				ALWAYS_SEARCH_USER_PATHS = NO;
				CLANG_CXX_LANGUAGE_STANDARD = "gnu++0x";
				CLANG_CXX_LIBRARY = "libc++";
				CLANG_ENABLE_MODULES = YES;
				CLANG_ENABLE_OBJC_ARC = YES;
				CLANG_WARN_BOOL_CONVERSION = YES;
				CLANG_WARN_CONSTANT_CONVERSION = YES;
				CLANG_WARN_DIRECT_OBJC_ISA_USAGE = YES_ERROR;
				CLANG_WARN_EMPTY_BODY = YES;
				CLANG_WARN_ENUM_CONVERSION = YES;
				CLANG_WARN_INT_CONVERSION = YES;
				CLANG_WARN_OBJC_ROOT_CLASS = YES_ERROR;
				CLANG_WARN_UNREACHABLE_CODE = YES;
				CLANG_WARN__DUPLICATE_METHOD_MATCH = YES;
				"CODE_SIGN_IDENTITY[sdk=iphoneos*]" = "iPhone Developer";
				COPY_PHASE_STRIP = NO;
				DEBUG_INFORMATION_FORMAT = dwarf;
				ENABLE_STRICT_OBJC_MSGSEND = YES;
				ENABLE_TESTABILITY = YES;
				GCC_C_LANGUAGE_STANDARD = gnu99;
				GCC_DYNAMIC_NO_PIC = NO;
				GCC_NO_COMMON_BLOCKS = YES;
				GCC_OPTIMIZATION_LEVEL = 0;
				GCC_PREPROCESSOR_DEFINITIONS = (
					"DEBUG=1",
					"$(inherited)",
				);
				GCC_WARN_64_TO_32_BIT_CONVERSION = YES;
				GCC_WARN_ABOUT_RETURN_TYPE = YES_ERROR;
				GCC_WARN_UNDECLARED_SELECTOR = YES;
				GCC_WARN_UNINITIALIZED_AUTOS = YES_AGGRESSIVE;
				GCC_WARN_UNUSED_FUNCTION = YES;
				GCC_WARN_UNUSED_VARIABLE = YES;
				IPHONEOS_DEPLOYMENT_TARGET = 9.2;
				MTL_ENABLE_DEBUG_INFO = YES;
				ONLY_ACTIVE_ARCH = YES;
				SDKROOT = iphoneos;
				SWIFT_OPTIMIZATION_LEVEL = "-Onone";
				TARGETED_DEVICE_FAMILY = "1,2";
			};
			name = Debug;
		};
		CCE12F091C50ECBA00909924 /* Release */ = {
			isa = XCBuildConfiguration;
			buildSettings = {
				ALWAYS_SEARCH_USER_PATHS = NO;
				CLANG_CXX_LANGUAGE_STANDARD = "gnu++0x";
				CLANG_CXX_LIBRARY = "libc++";
				CLANG_ENABLE_MODULES = YES;
				CLANG_ENABLE_OBJC_ARC = YES;
				CLANG_WARN_BOOL_CONVERSION = YES;
				CLANG_WARN_CONSTANT_CONVERSION = YES;
				CLANG_WARN_DIRECT_OBJC_ISA_USAGE = YES_ERROR;
				CLANG_WARN_EMPTY_BODY = YES;
				CLANG_WARN_ENUM_CONVERSION = YES;
				CLANG_WARN_INT_CONVERSION = YES;
				CLANG_WARN_OBJC_ROOT_CLASS = YES_ERROR;
				CLANG_WARN_UNREACHABLE_CODE = YES;
				CLANG_WARN__DUPLICATE_METHOD_MATCH = YES;
				"CODE_SIGN_IDENTITY[sdk=iphoneos*]" = "iPhone Developer";
				COPY_PHASE_STRIP = NO;
				DEBUG_INFORMATION_FORMAT = "dwarf-with-dsym";
				ENABLE_NS_ASSERTIONS = NO;
				ENABLE_STRICT_OBJC_MSGSEND = YES;
				GCC_C_LANGUAGE_STANDARD = gnu99;
				GCC_NO_COMMON_BLOCKS = YES;
				GCC_WARN_64_TO_32_BIT_CONVERSION = YES;
				GCC_WARN_ABOUT_RETURN_TYPE = YES_ERROR;
				GCC_WARN_UNDECLARED_SELECTOR = YES;
				GCC_WARN_UNINITIALIZED_AUTOS = YES_AGGRESSIVE;
				GCC_WARN_UNUSED_FUNCTION = YES;
				GCC_WARN_UNUSED_VARIABLE = YES;
				IPHONEOS_DEPLOYMENT_TARGET = 9.2;
				MTL_ENABLE_DEBUG_INFO = NO;
				SDKROOT = iphoneos;
				TARGETED_DEVICE_FAMILY = "1,2";
				VALIDATE_PRODUCT = YES;
			};
			name = Release;
		};
		CCE12F0B1C50ECBA00909924 /* Debug */ = {
			isa = XCBuildConfiguration;
			buildSettings = {
				ASSETCATALOG_COMPILER_APPICON_NAME = AppIcon;
				INFOPLIST_FILE = "Navigation-Prototype/Info.plist";
				LD_RUNPATH_SEARCH_PATHS = "$(inherited) @executable_path/Frameworks";
				PRODUCT_BUNDLE_IDENTIFIER = "com.fizmatchel.navigation-prototype.Navigation-Prototype";
				PRODUCT_NAME = "$(TARGET_NAME)";
			};
			name = Debug;
		};
		CCE12F0C1C50ECBA00909924 /* Release */ = {
			isa = XCBuildConfiguration;
			buildSettings = {
				ASSETCATALOG_COMPILER_APPICON_NAME = AppIcon;
				INFOPLIST_FILE = "Navigation-Prototype/Info.plist";
				LD_RUNPATH_SEARCH_PATHS = "$(inherited) @executable_path/Frameworks";
				PRODUCT_BUNDLE_IDENTIFIER = "com.fizmatchel.navigation-prototype.Navigation-Prototype";
				PRODUCT_NAME = "$(TARGET_NAME)";
			};
			name = Release;
		};
/* End XCBuildConfiguration section */

/* Begin XCConfigurationList section */
		CCE12EF11C50ECBA00909924 /* Build configuration list for PBXProject "Navigation-Prototype" */ = {
			isa = XCConfigurationList;
			buildConfigurations = (
				CCE12F081C50ECBA00909924 /* Debug */,
				CCE12F091C50ECBA00909924 /* Release */,
			);
			defaultConfigurationIsVisible = 0;
			defaultConfigurationName = Release;
		};
		CCE12F0A1C50ECBA00909924 /* Build configuration list for PBXNativeTarget "Navigation-Prototype" */ = {
			isa = XCConfigurationList;
			buildConfigurations = (
				CCE12F0B1C50ECBA00909924 /* Debug */,
				CCE12F0C1C50ECBA00909924 /* Release */,
			);
			defaultConfigurationIsVisible = 0;
			defaultConfigurationName = Release;
		};
/* End XCConfigurationList section */
	};
	rootObject = CCE12EEE1C50ECBA00909924 /* Project object */;
}
