// !$*UTF8*$!
{
	archiveVersion = 1;
	classes = {
	};
	objectVersion = 46;
	objects = {

/* Begin PBXBuildFile section */
		CCB348D51C5BAA83005BD40F /* ApplicationAssembly.swift in Sources */ = {isa = PBXBuildFile; fileRef = CCB348CC1C5BAA83005BD40F /* ApplicationAssembly.swift */; };
		CCB348D61C5BAA83005BD40F /* ApplicationAssemblyImpl.swift in Sources */ = {isa = PBXBuildFile; fileRef = CCB348CD1C5BAA83005BD40F /* ApplicationAssemblyImpl.swift */; };
		CCB348D71C5BAA83005BD40F /* ApplicationInteractor.swift in Sources */ = {isa = PBXBuildFile; fileRef = CCB348CE1C5BAA83005BD40F /* ApplicationInteractor.swift */; };
		CCB348D81C5BAA83005BD40F /* ApplicationInteractorImpl.swift in Sources */ = {isa = PBXBuildFile; fileRef = CCB348CF1C5BAA83005BD40F /* ApplicationInteractorImpl.swift */; };
		CCB348D91C5BAA83005BD40F /* ApplicationModuleInput.swift in Sources */ = {isa = PBXBuildFile; fileRef = CCB348D01C5BAA83005BD40F /* ApplicationModuleInput.swift */; };
		CCB348DA1C5BAA83005BD40F /* ApplicationPresenter.swift in Sources */ = {isa = PBXBuildFile; fileRef = CCB348D11C5BAA83005BD40F /* ApplicationPresenter.swift */; };
		CCB348DB1C5BAA83005BD40F /* ApplicationRouter.swift in Sources */ = {isa = PBXBuildFile; fileRef = CCB348D21C5BAA83005BD40F /* ApplicationRouter.swift */; };
		CCB348DC1C5BAA83005BD40F /* ApplicationRouterImpl.swift in Sources */ = {isa = PBXBuildFile; fileRef = CCB348D31C5BAA83005BD40F /* ApplicationRouterImpl.swift */; };
		CCB348DD1C5BAA83005BD40F /* ApplicationViewController.swift in Sources */ = {isa = PBXBuildFile; fileRef = CCB348D41C5BAA83005BD40F /* ApplicationViewController.swift */; };
		CCB348DF1C5BAB61005BD40F /* ApplicationViewInput.swift in Sources */ = {isa = PBXBuildFile; fileRef = CCB348DE1C5BAB61005BD40F /* ApplicationViewInput.swift */; };
		CCB348E11C5BABB2005BD40F /* ApplicationViewOutput.swift in Sources */ = {isa = PBXBuildFile; fileRef = CCB348E01C5BABB2005BD40F /* ApplicationViewOutput.swift */; };
		CCB348E31C5BB204005BD40F /* AuthorizationViewInput.swift in Sources */ = {isa = PBXBuildFile; fileRef = CCB348E21C5BB204005BD40F /* AuthorizationViewInput.swift */; };
		CCE12EFA1C50ECBA00909924 /* AppDelegate.swift in Sources */ = {isa = PBXBuildFile; fileRef = CCE12EF91C50ECBA00909924 /* AppDelegate.swift */; };
		CCE12F031C50ECBA00909924 /* Assets.xcassets in Resources */ = {isa = PBXBuildFile; fileRef = CCE12F021C50ECBA00909924 /* Assets.xcassets */; };
		CCE12F061C50ECBA00909924 /* LaunchScreen.storyboard in Resources */ = {isa = PBXBuildFile; fileRef = CCE12F041C50ECBA00909924 /* LaunchScreen.storyboard */; };
		CCE12F2E1C50F02A00909924 /* AssemblyFactory.swift in Sources */ = {isa = PBXBuildFile; fileRef = CCE12F2D1C50F02A00909924 /* AssemblyFactory.swift */; };
		CCE309F31C5F55E000C3E873 /* SecondRouterImpl_iPad_PushSecondModule.swift in Sources */ = {isa = PBXBuildFile; fileRef = CCE309F11C5F55E000C3E873 /* SecondRouterImpl_iPad_PushSecondModule.swift */; };
		CCE309F41C5F55E000C3E873 /* SecondRouterImpl_PushSecondModule.swift in Sources */ = {isa = PBXBuildFile; fileRef = CCE309F21C5F55E000C3E873 /* SecondRouterImpl_PushSecondModule.swift */; };
		CCE309F61C5F562E00C3E873 /* SecondAssemblyImpl_PushSecondModule.swift in Sources */ = {isa = PBXBuildFile; fileRef = CCE309F51C5F562E00C3E873 /* SecondAssemblyImpl_PushSecondModule.swift */; };
		CCE309F81C5F7E5100C3E873 /* TransitionContextConverterImpl.swift in Sources */ = {isa = PBXBuildFile; fileRef = CCE309F71C5F7E5100C3E873 /* TransitionContextConverterImpl.swift */; };
		CCE3C31B1C5B54CF005763AD /* Router.swift in Sources */ = {isa = PBXBuildFile; fileRef = CCE3C2EC1C5B54CF005763AD /* Router.swift */; };
		CCE3C31C1C5B54CF005763AD /* RouterTransitionable.swift in Sources */ = {isa = PBXBuildFile; fileRef = CCE3C2ED1C5B54CF005763AD /* RouterTransitionable.swift */; };
		CCE3C31D1C5B54CF005763AD /* DetailRouter.swift in Sources */ = {isa = PBXBuildFile; fileRef = CCE3C2EE1C5B54CF005763AD /* DetailRouter.swift */; };
		CCE3C31E1C5B54CF005763AD /* DetaiRouterTransitionable.swift in Sources */ = {isa = PBXBuildFile; fileRef = CCE3C2EF1C5B54CF005763AD /* DetaiRouterTransitionable.swift */; };
		CCE3C31F1C5B54CF005763AD /* MasterRouter.swift in Sources */ = {isa = PBXBuildFile; fileRef = CCE3C2F01C5B54CF005763AD /* MasterRouter.swift */; };
		CCE3C3201C5B54CF005763AD /* MasterRouterTransitionable.swift in Sources */ = {isa = PBXBuildFile; fileRef = CCE3C2F11C5B54CF005763AD /* MasterRouterTransitionable.swift */; };
		CCE3C3211C5B54CF005763AD /* NavigationAnimationContext.swift in Sources */ = {isa = PBXBuildFile; fileRef = CCE3C2F21C5B54CF005763AD /* NavigationAnimationContext.swift */; };
		CCE3C3221C5B54CF005763AD /* NavigationAnimationContextCreator.swift in Sources */ = {isa = PBXBuildFile; fileRef = CCE3C2F31C5B54CF005763AD /* NavigationAnimationContextCreator.swift */; };
		CCE3C3231C5B54CF005763AD /* NavigationAnimationSourceParameters.swift in Sources */ = {isa = PBXBuildFile; fileRef = CCE3C2F41C5B54CF005763AD /* NavigationAnimationSourceParameters.swift */; };
		CCE3C3241C5B54CF005763AD /* NavigationAnimationStyle.swift in Sources */ = {isa = PBXBuildFile; fileRef = CCE3C2F51C5B54CF005763AD /* NavigationAnimationStyle.swift */; };
		CCE3C3251C5B54CF005763AD /* NavigationTransitionsAnimator.swift in Sources */ = {isa = PBXBuildFile; fileRef = CCE3C2F61C5B54CF005763AD /* NavigationTransitionsAnimator.swift */; };
		CCE3C3261C5B54CF005763AD /* NavigationTransitionsHandler.swift in Sources */ = {isa = PBXBuildFile; fileRef = CCE3C2F71C5B54CF005763AD /* NavigationTransitionsHandler.swift */; };
		CCE3C3271C5B54CF005763AD /* NavigationTransitionsHandlerDelegate.swift in Sources */ = {isa = PBXBuildFile; fileRef = CCE3C2F81C5B54CF005763AD /* NavigationTransitionsHandlerDelegate.swift */; };
		CCE3C3281C5B54CF005763AD /* NavigationTransitionStorableParameters.swift in Sources */ = {isa = PBXBuildFile; fileRef = CCE3C2F91C5B54CF005763AD /* NavigationTransitionStorableParameters.swift */; };
		CCE3C3291C5B54CF005763AD /* NavigationTransitionStyleConverter.swift in Sources */ = {isa = PBXBuildFile; fileRef = CCE3C2FA1C5B54CF005763AD /* NavigationTransitionStyleConverter.swift */; };
		CCE3C32A1C5B54CF005763AD /* PopoverAnimationContext.swift in Sources */ = {isa = PBXBuildFile; fileRef = CCE3C2FB1C5B54CF005763AD /* PopoverAnimationContext.swift */; };
		CCE3C32B1C5B54CF005763AD /* PopoverAnimationContextCreator.swift in Sources */ = {isa = PBXBuildFile; fileRef = CCE3C2FC1C5B54CF005763AD /* PopoverAnimationContextCreator.swift */; };
		CCE3C32C1C5B54CF005763AD /* PopoverAnimationSourceParameters.swift in Sources */ = {isa = PBXBuildFile; fileRef = CCE3C2FD1C5B54CF005763AD /* PopoverAnimationSourceParameters.swift */; };
		CCE3C32D1C5B54CF005763AD /* PopoverAnimationStyle.swift in Sources */ = {isa = PBXBuildFile; fileRef = CCE3C2FE1C5B54CF005763AD /* PopoverAnimationStyle.swift */; };
		CCE3C32E1C5B54CF005763AD /* PopoverTransitionStorableParameters.swift in Sources */ = {isa = PBXBuildFile; fileRef = CCE3C2FF1C5B54CF005763AD /* PopoverTransitionStorableParameters.swift */; };
		CCE3C32F1C5B54CF005763AD /* PopoverTransitionStyleConverter.swift in Sources */ = {isa = PBXBuildFile; fileRef = CCE3C3001C5B54CF005763AD /* PopoverTransitionStyleConverter.swift */; };
		CCE3C3301C5B54CF005763AD /* PopoverTranstionsAnimator.swift in Sources */ = {isa = PBXBuildFile; fileRef = CCE3C3011C5B54CF005763AD /* PopoverTranstionsAnimator.swift */; };
		CCE3C3321C5B54CF005763AD /* RouterPresentable.swift in Sources */ = {isa = PBXBuildFile; fileRef = CCE3C3031C5B54CF005763AD /* RouterPresentable.swift */; };
		CCE3C3331C5B54CF005763AD /* RouterDismisable.swift in Sources */ = {isa = PBXBuildFile; fileRef = CCE3C3041C5B54CF005763AD /* RouterDismisable.swift */; };
		CCE3C3341C5B54CF005763AD /* RouterFocusable.swift in Sources */ = {isa = PBXBuildFile; fileRef = CCE3C3051C5B54CF005763AD /* RouterFocusable.swift */; };
		CCE3C3351C5B54CF005763AD /* SplitViewTransitionsHandler.swift in Sources */ = {isa = PBXBuildFile; fileRef = CCE3C3061C5B54CF005763AD /* SplitViewTransitionsHandler.swift */; };
		CCE3C3361C5B54CF005763AD /* TabBarTransitionsHandler.swift in Sources */ = {isa = PBXBuildFile; fileRef = CCE3C3071C5B54CF005763AD /* TabBarTransitionsHandler.swift */; };
		CCE3C3371C5B54CF005763AD /* TransitionAnimationContext.swift in Sources */ = {isa = PBXBuildFile; fileRef = CCE3C3081C5B54CF005763AD /* TransitionAnimationContext.swift */; };
		CCE3C3381C5B54CF005763AD /* TransitionAnimationContextCreator.swift in Sources */ = {isa = PBXBuildFile; fileRef = CCE3C3091C5B54CF005763AD /* TransitionAnimationContextCreator.swift */; };
		CCE3C3391C5B54CF005763AD /* TransitionAnimationSourceParameters.swift in Sources */ = {isa = PBXBuildFile; fileRef = CCE3C30A1C5B54CF005763AD /* TransitionAnimationSourceParameters.swift */; };
		CCE3C33A1C5B54CF005763AD /* TransitionAnimationTargetParameters.swift in Sources */ = {isa = PBXBuildFile; fileRef = CCE3C30B1C5B54CF005763AD /* TransitionAnimationTargetParameters.swift */; };
		CCE3C33B1C5B54CF005763AD /* TransitionContextConverter.swift in Sources */ = {isa = PBXBuildFile; fileRef = CCE3C30C1C5B54CF005763AD /* TransitionContextConverter.swift */; };
		CCE3C33C1C5B54CF005763AD /* TransitionContexts.swift in Sources */ = {isa = PBXBuildFile; fileRef = CCE3C30D1C5B54CF005763AD /* TransitionContexts.swift */; };
		CCE3C33D1C5B54CF005763AD /* TransitionContextsStack.swift in Sources */ = {isa = PBXBuildFile; fileRef = CCE3C30E1C5B54CF005763AD /* TransitionContextsStack.swift */; };
		CCE3C33E1C5B54CF005763AD /* TransitionContextsStackClient.swift in Sources */ = {isa = PBXBuildFile; fileRef = CCE3C30F1C5B54CF005763AD /* TransitionContextsStackClient.swift */; };
		CCE3C33F1C5B54CF005763AD /* TransitionContextsStackClientImpl.swift in Sources */ = {isa = PBXBuildFile; fileRef = CCE3C3101C5B54CF005763AD /* TransitionContextsStackClientImpl.swift */; };
		CCE3C3401C5B54CF005763AD /* TransitionIdGenerator.swift in Sources */ = {isa = PBXBuildFile; fileRef = CCE3C3111C5B54CF005763AD /* TransitionIdGenerator.swift */; };
		CCE3C3411C5B54CF005763AD /* TransitionIdGeneratorImpl.swift in Sources */ = {isa = PBXBuildFile; fileRef = CCE3C3121C5B54CF005763AD /* TransitionIdGeneratorImpl.swift */; };
		CCE3C3421C5B54CF005763AD /* TransitionIdGeneratorStorer.swift in Sources */ = {isa = PBXBuildFile; fileRef = CCE3C3131C5B54CF005763AD /* TransitionIdGeneratorStorer.swift */; };
		CCE3C3431C5B54CF005763AD /* TransitionsAnimator.swift in Sources */ = {isa = PBXBuildFile; fileRef = CCE3C3141C5B54CF005763AD /* TransitionsAnimator.swift */; };
		CCE3C3441C5B54CF005763AD /* TransitionsHandler.swift in Sources */ = {isa = PBXBuildFile; fileRef = CCE3C3151C5B54CF005763AD /* TransitionsHandler.swift */; };
		CCE3C3451C5B54CF005763AD /* TransitionStorableParameters.swift in Sources */ = {isa = PBXBuildFile; fileRef = CCE3C3161C5B54CF005763AD /* TransitionStorableParameters.swift */; };
		CCE3C3461C5B54CF005763AD /* TransitionStyle.swift in Sources */ = {isa = PBXBuildFile; fileRef = CCE3C3171C5B54CF005763AD /* TransitionStyle.swift */; };
		CCE3C3471C5B54CF005763AD /* TransitionStyleConverter.swift in Sources */ = {isa = PBXBuildFile; fileRef = CCE3C3181C5B54CF005763AD /* TransitionStyleConverter.swift */; };
		CCE3C3481C5B54CF005763AD /* UIViewController+Wrapping.swift in Sources */ = {isa = PBXBuildFile; fileRef = CCE3C3191C5B54CF005763AD /* UIViewController+Wrapping.swift */; };
		CCE3C34A1C5B5811005763AD /* RouterIdentifiable.swift in Sources */ = {isa = PBXBuildFile; fileRef = CCE3C3491C5B5811005763AD /* RouterIdentifiable.swift */; };
		CCE3C34C1C5B5C1C005763AD /* BaseRouter.swift in Sources */ = {isa = PBXBuildFile; fileRef = CCE3C34B1C5B5C1C005763AD /* BaseRouter.swift */; };
		CCE3C34E1C5B61DD005763AD /* BaseMasterDetailRouter.swift in Sources */ = {isa = PBXBuildFile; fileRef = CCE3C34D1C5B61DD005763AD /* BaseMasterDetailRouter.swift */; };
		CCE3C3501C5B8A1C005763AD /* TransitionContextsStackImpl.swift in Sources */ = {isa = PBXBuildFile; fileRef = CCE3C34F1C5B8A1C005763AD /* TransitionContextsStackImpl.swift */; };
		CCE8C95F1C561C780041801D /* FirstAssembly.swift in Sources */ = {isa = PBXBuildFile; fileRef = CCE8C93F1C561C780041801D /* FirstAssembly.swift */; };
		CCE8C9601C561C780041801D /* FirstAssemblyImpl.swift in Sources */ = {isa = PBXBuildFile; fileRef = CCE8C9401C561C780041801D /* FirstAssemblyImpl.swift */; };
		CCE8C9611C561C780041801D /* FirstInteractor.swift in Sources */ = {isa = PBXBuildFile; fileRef = CCE8C9411C561C780041801D /* FirstInteractor.swift */; };
		CCE8C9621C561C780041801D /* FirstInteractorImpl.swift in Sources */ = {isa = PBXBuildFile; fileRef = CCE8C9421C561C780041801D /* FirstInteractorImpl.swift */; };
		CCE8C9631C561C780041801D /* FirstInteractorOutput.swift in Sources */ = {isa = PBXBuildFile; fileRef = CCE8C9431C561C780041801D /* FirstInteractorOutput.swift */; };
		CCE8C9641C561C780041801D /* FirstModuleInput.swift in Sources */ = {isa = PBXBuildFile; fileRef = CCE8C9441C561C780041801D /* FirstModuleInput.swift */; };
		CCE8C9651C561C780041801D /* FirstModuleOutput.swift in Sources */ = {isa = PBXBuildFile; fileRef = CCE8C9451C561C780041801D /* FirstModuleOutput.swift */; };
		CCE8C9661C561C780041801D /* FirstOutput.swift in Sources */ = {isa = PBXBuildFile; fileRef = CCE8C9461C561C780041801D /* FirstOutput.swift */; };
		CCE8C9671C561C780041801D /* FirstPresenter.swift in Sources */ = {isa = PBXBuildFile; fileRef = CCE8C9471C561C780041801D /* FirstPresenter.swift */; };
		CCE8C9681C561C780041801D /* FirstRouter.swift in Sources */ = {isa = PBXBuildFile; fileRef = CCE8C9481C561C780041801D /* FirstRouter.swift */; };
		CCE8C9691C561C780041801D /* FirstRouterImpl.swift in Sources */ = {isa = PBXBuildFile; fileRef = CCE8C9491C561C780041801D /* FirstRouterImpl.swift */; };
		CCE8C96A1C561C780041801D /* FirstRouterImpl_iPadDetail.swift in Sources */ = {isa = PBXBuildFile; fileRef = CCE8C94A1C561C780041801D /* FirstRouterImpl_iPadDetail.swift */; };
		CCE8C96B1C561C780041801D /* FirstRouterImpl_iPadMaster.swift in Sources */ = {isa = PBXBuildFile; fileRef = CCE8C94B1C561C780041801D /* FirstRouterImpl_iPadMaster.swift */; };
		CCE8C96C1C561C780041801D /* FirstView.swift in Sources */ = {isa = PBXBuildFile; fileRef = CCE8C94C1C561C780041801D /* FirstView.swift */; };
		CCE8C96D1C561C780041801D /* FirstViewController.swift in Sources */ = {isa = PBXBuildFile; fileRef = CCE8C94D1C561C780041801D /* FirstViewController.swift */; };
		CCE8C96E1C561C780041801D /* FirstViewInput.swift in Sources */ = {isa = PBXBuildFile; fileRef = CCE8C94E1C561C780041801D /* FirstViewInput.swift */; };
		CCE8C96F1C561C780041801D /* SecondAssembly.swift in Sources */ = {isa = PBXBuildFile; fileRef = CCE8C9501C561C780041801D /* SecondAssembly.swift */; };
		CCE8C9701C561C780041801D /* SecondAssemblyImpl.swift in Sources */ = {isa = PBXBuildFile; fileRef = CCE8C9511C561C780041801D /* SecondAssemblyImpl.swift */; };
		CCE8C9711C561C780041801D /* SecondInteractor.swift in Sources */ = {isa = PBXBuildFile; fileRef = CCE8C9521C561C780041801D /* SecondInteractor.swift */; };
		CCE8C9721C561C780041801D /* SecondInteractorImpl.swift in Sources */ = {isa = PBXBuildFile; fileRef = CCE8C9531C561C780041801D /* SecondInteractorImpl.swift */; };
		CCE8C9731C561C780041801D /* SecondInteractorOuput.swift in Sources */ = {isa = PBXBuildFile; fileRef = CCE8C9541C561C780041801D /* SecondInteractorOuput.swift */; };
		CCE8C9741C561C780041801D /* SecondModuleInput.swift in Sources */ = {isa = PBXBuildFile; fileRef = CCE8C9551C561C780041801D /* SecondModuleInput.swift */; };
		CCE8C9751C561C780041801D /* SecondModuleOutput.swift in Sources */ = {isa = PBXBuildFile; fileRef = CCE8C9561C561C780041801D /* SecondModuleOutput.swift */; };
		CCE8C9761C561C780041801D /* SecondPresenter.swift in Sources */ = {isa = PBXBuildFile; fileRef = CCE8C9571C561C780041801D /* SecondPresenter.swift */; };
		CCE8C9771C561C780041801D /* SecondRouter.swift in Sources */ = {isa = PBXBuildFile; fileRef = CCE8C9581C561C780041801D /* SecondRouter.swift */; };
		CCE8C9781C561C780041801D /* SecondRouterImpl.swift in Sources */ = {isa = PBXBuildFile; fileRef = CCE8C9591C561C780041801D /* SecondRouterImpl.swift */; };
		CCE8C9791C561C780041801D /* SecondRouterImpl_iPad.swift in Sources */ = {isa = PBXBuildFile; fileRef = CCE8C95A1C561C780041801D /* SecondRouterImpl_iPad.swift */; };
		CCE8C97A1C561C780041801D /* SecondViewController.swift in Sources */ = {isa = PBXBuildFile; fileRef = CCE8C95B1C561C780041801D /* SecondViewController.swift */; };
		CCE8C97B1C561C780041801D /* SecondViewImpl.swift in Sources */ = {isa = PBXBuildFile; fileRef = CCE8C95C1C561C780041801D /* SecondViewImpl.swift */; };
		CCE8C97C1C561C780041801D /* SecondViewInput.swift in Sources */ = {isa = PBXBuildFile; fileRef = CCE8C95D1C561C780041801D /* SecondViewInput.swift */; };
		CCE8C97D1C561C780041801D /* SecondViewOutput.swift in Sources */ = {isa = PBXBuildFile; fileRef = CCE8C95E1C561C780041801D /* SecondViewOutput.swift */; };
		CCE8C9CB1C563A610041801D /* AuthorizationAssembly.swift in Sources */ = {isa = PBXBuildFile; fileRef = CCE8C9BC1C563A610041801D /* AuthorizationAssembly.swift */; };
		CCE8C9CC1C563A610041801D /* AuthorizationAssemblyImpl.swift in Sources */ = {isa = PBXBuildFile; fileRef = CCE8C9BD1C563A610041801D /* AuthorizationAssemblyImpl.swift */; };
		CCE8C9CD1C563A610041801D /* AuthorizationInteractor.swift in Sources */ = {isa = PBXBuildFile; fileRef = CCE8C9BE1C563A610041801D /* AuthorizationInteractor.swift */; };
		CCE8C9CE1C563A610041801D /* AuthorizationInteractorImpl.swift in Sources */ = {isa = PBXBuildFile; fileRef = CCE8C9BF1C563A610041801D /* AuthorizationInteractorImpl.swift */; };
		CCE8C9CF1C563A610041801D /* AuthorizationPresenter.swift in Sources */ = {isa = PBXBuildFile; fileRef = CCE8C9C01C563A610041801D /* AuthorizationPresenter.swift */; };
		CCE8C9D01C563A610041801D /* AuthorizationRouter.swift in Sources */ = {isa = PBXBuildFile; fileRef = CCE8C9C11C563A610041801D /* AuthorizationRouter.swift */; };
		CCE8C9D11C563A610041801D /* AuthorizationRouterImpl.swift in Sources */ = {isa = PBXBuildFile; fileRef = CCE8C9C21C563A610041801D /* AuthorizationRouterImpl.swift */; };
		CCE8C9D31C563A610041801D /* AuthorizationViewController.swift in Sources */ = {isa = PBXBuildFile; fileRef = CCE8C9C41C563A610041801D /* AuthorizationViewController.swift */; };
		CCE8C9D61C563A610041801D /* AuthorizationModuleInput.swift in Sources */ = {isa = PBXBuildFile; fileRef = CCE8C9C71C563A610041801D /* AuthorizationModuleInput.swift */; };
		CCE8C9D71C563A610041801D /* AuthorizationModuleOutput.swift in Sources */ = {isa = PBXBuildFile; fileRef = CCE8C9C81C563A610041801D /* AuthorizationModuleOutput.swift */; };
		CCE8C9D81C563A610041801D /* AuthorizationViewOutput.swift in Sources */ = {isa = PBXBuildFile; fileRef = CCE8C9C91C563A610041801D /* AuthorizationViewOutput.swift */; };
/* End PBXBuildFile section */

/* Begin PBXFileReference section */
		CCB348CC1C5BAA83005BD40F /* ApplicationAssembly.swift */ = {isa = PBXFileReference; fileEncoding = 4; lastKnownFileType = sourcecode.swift; path = ApplicationAssembly.swift; sourceTree = "<group>"; };
		CCB348CD1C5BAA83005BD40F /* ApplicationAssemblyImpl.swift */ = {isa = PBXFileReference; fileEncoding = 4; lastKnownFileType = sourcecode.swift; path = ApplicationAssemblyImpl.swift; sourceTree = "<group>"; };
		CCB348CE1C5BAA83005BD40F /* ApplicationInteractor.swift */ = {isa = PBXFileReference; fileEncoding = 4; lastKnownFileType = sourcecode.swift; path = ApplicationInteractor.swift; sourceTree = "<group>"; };
		CCB348CF1C5BAA83005BD40F /* ApplicationInteractorImpl.swift */ = {isa = PBXFileReference; fileEncoding = 4; lastKnownFileType = sourcecode.swift; path = ApplicationInteractorImpl.swift; sourceTree = "<group>"; };
		CCB348D01C5BAA83005BD40F /* ApplicationModuleInput.swift */ = {isa = PBXFileReference; fileEncoding = 4; lastKnownFileType = sourcecode.swift; path = ApplicationModuleInput.swift; sourceTree = "<group>"; };
		CCB348D11C5BAA83005BD40F /* ApplicationPresenter.swift */ = {isa = PBXFileReference; fileEncoding = 4; lastKnownFileType = sourcecode.swift; path = ApplicationPresenter.swift; sourceTree = "<group>"; };
		CCB348D21C5BAA83005BD40F /* ApplicationRouter.swift */ = {isa = PBXFileReference; fileEncoding = 4; lastKnownFileType = sourcecode.swift; path = ApplicationRouter.swift; sourceTree = "<group>"; };
		CCB348D31C5BAA83005BD40F /* ApplicationRouterImpl.swift */ = {isa = PBXFileReference; fileEncoding = 4; lastKnownFileType = sourcecode.swift; path = ApplicationRouterImpl.swift; sourceTree = "<group>"; };
		CCB348D41C5BAA83005BD40F /* ApplicationViewController.swift */ = {isa = PBXFileReference; fileEncoding = 4; lastKnownFileType = sourcecode.swift; path = ApplicationViewController.swift; sourceTree = "<group>"; };
		CCB348DE1C5BAB61005BD40F /* ApplicationViewInput.swift */ = {isa = PBXFileReference; fileEncoding = 4; lastKnownFileType = sourcecode.swift; path = ApplicationViewInput.swift; sourceTree = "<group>"; };
		CCB348E01C5BABB2005BD40F /* ApplicationViewOutput.swift */ = {isa = PBXFileReference; fileEncoding = 4; lastKnownFileType = sourcecode.swift; path = ApplicationViewOutput.swift; sourceTree = "<group>"; };
		CCB348E21C5BB204005BD40F /* AuthorizationViewInput.swift */ = {isa = PBXFileReference; fileEncoding = 4; lastKnownFileType = sourcecode.swift; path = AuthorizationViewInput.swift; sourceTree = "<group>"; };
		CCE12EF61C50ECBA00909924 /* Navigation-Prototype.app */ = {isa = PBXFileReference; explicitFileType = wrapper.application; includeInIndex = 0; path = "Navigation-Prototype.app"; sourceTree = BUILT_PRODUCTS_DIR; };
		CCE12EF91C50ECBA00909924 /* AppDelegate.swift */ = {isa = PBXFileReference; lastKnownFileType = sourcecode.swift; path = AppDelegate.swift; sourceTree = "<group>"; };
		CCE12F021C50ECBA00909924 /* Assets.xcassets */ = {isa = PBXFileReference; lastKnownFileType = folder.assetcatalog; path = Assets.xcassets; sourceTree = "<group>"; };
		CCE12F051C50ECBA00909924 /* Base */ = {isa = PBXFileReference; lastKnownFileType = file.storyboard; name = Base; path = Base.lproj/LaunchScreen.storyboard; sourceTree = "<group>"; };
		CCE12F071C50ECBA00909924 /* Info.plist */ = {isa = PBXFileReference; lastKnownFileType = text.plist.xml; path = Info.plist; sourceTree = "<group>"; };
		CCE12F2D1C50F02A00909924 /* AssemblyFactory.swift */ = {isa = PBXFileReference; fileEncoding = 4; lastKnownFileType = sourcecode.swift; path = AssemblyFactory.swift; sourceTree = "<group>"; };
		CCE309F11C5F55E000C3E873 /* SecondRouterImpl_iPad_PushSecondModule.swift */ = {isa = PBXFileReference; fileEncoding = 4; lastKnownFileType = sourcecode.swift; path = SecondRouterImpl_iPad_PushSecondModule.swift; sourceTree = "<group>"; };
		CCE309F21C5F55E000C3E873 /* SecondRouterImpl_PushSecondModule.swift */ = {isa = PBXFileReference; fileEncoding = 4; lastKnownFileType = sourcecode.swift; path = SecondRouterImpl_PushSecondModule.swift; sourceTree = "<group>"; };
		CCE309F51C5F562E00C3E873 /* SecondAssemblyImpl_PushSecondModule.swift */ = {isa = PBXFileReference; fileEncoding = 4; lastKnownFileType = sourcecode.swift; path = SecondAssemblyImpl_PushSecondModule.swift; sourceTree = "<group>"; };
		CCE309F71C5F7E5100C3E873 /* TransitionContextConverterImpl.swift */ = {isa = PBXFileReference; fileEncoding = 4; lastKnownFileType = sourcecode.swift; path = TransitionContextConverterImpl.swift; sourceTree = "<group>"; };
		CCE3C2EC1C5B54CF005763AD /* Router.swift */ = {isa = PBXFileReference; fileEncoding = 4; lastKnownFileType = sourcecode.swift; path = Router.swift; sourceTree = "<group>"; };
		CCE3C2ED1C5B54CF005763AD /* RouterTransitionable.swift */ = {isa = PBXFileReference; fileEncoding = 4; lastKnownFileType = sourcecode.swift; path = RouterTransitionable.swift; sourceTree = "<group>"; };
		CCE3C2EE1C5B54CF005763AD /* DetailRouter.swift */ = {isa = PBXFileReference; fileEncoding = 4; lastKnownFileType = sourcecode.swift; path = DetailRouter.swift; sourceTree = "<group>"; };
		CCE3C2EF1C5B54CF005763AD /* DetaiRouterTransitionable.swift */ = {isa = PBXFileReference; fileEncoding = 4; lastKnownFileType = sourcecode.swift; path = DetaiRouterTransitionable.swift; sourceTree = "<group>"; };
		CCE3C2F01C5B54CF005763AD /* MasterRouter.swift */ = {isa = PBXFileReference; fileEncoding = 4; lastKnownFileType = sourcecode.swift; path = MasterRouter.swift; sourceTree = "<group>"; };
		CCE3C2F11C5B54CF005763AD /* MasterRouterTransitionable.swift */ = {isa = PBXFileReference; fileEncoding = 4; lastKnownFileType = sourcecode.swift; path = MasterRouterTransitionable.swift; sourceTree = "<group>"; };
		CCE3C2F21C5B54CF005763AD /* NavigationAnimationContext.swift */ = {isa = PBXFileReference; fileEncoding = 4; lastKnownFileType = sourcecode.swift; path = NavigationAnimationContext.swift; sourceTree = "<group>"; };
		CCE3C2F31C5B54CF005763AD /* NavigationAnimationContextCreator.swift */ = {isa = PBXFileReference; fileEncoding = 4; lastKnownFileType = sourcecode.swift; path = NavigationAnimationContextCreator.swift; sourceTree = "<group>"; };
		CCE3C2F41C5B54CF005763AD /* NavigationAnimationSourceParameters.swift */ = {isa = PBXFileReference; fileEncoding = 4; lastKnownFileType = sourcecode.swift; path = NavigationAnimationSourceParameters.swift; sourceTree = "<group>"; };
		CCE3C2F51C5B54CF005763AD /* NavigationAnimationStyle.swift */ = {isa = PBXFileReference; fileEncoding = 4; lastKnownFileType = sourcecode.swift; path = NavigationAnimationStyle.swift; sourceTree = "<group>"; };
		CCE3C2F61C5B54CF005763AD /* NavigationTransitionsAnimator.swift */ = {isa = PBXFileReference; fileEncoding = 4; lastKnownFileType = sourcecode.swift; path = NavigationTransitionsAnimator.swift; sourceTree = "<group>"; };
		CCE3C2F71C5B54CF005763AD /* NavigationTransitionsHandler.swift */ = {isa = PBXFileReference; fileEncoding = 4; lastKnownFileType = sourcecode.swift; path = NavigationTransitionsHandler.swift; sourceTree = "<group>"; };
		CCE3C2F81C5B54CF005763AD /* NavigationTransitionsHandlerDelegate.swift */ = {isa = PBXFileReference; fileEncoding = 4; lastKnownFileType = sourcecode.swift; path = NavigationTransitionsHandlerDelegate.swift; sourceTree = "<group>"; };
		CCE3C2F91C5B54CF005763AD /* NavigationTransitionStorableParameters.swift */ = {isa = PBXFileReference; fileEncoding = 4; lastKnownFileType = sourcecode.swift; path = NavigationTransitionStorableParameters.swift; sourceTree = "<group>"; };
		CCE3C2FA1C5B54CF005763AD /* NavigationTransitionStyleConverter.swift */ = {isa = PBXFileReference; fileEncoding = 4; lastKnownFileType = sourcecode.swift; path = NavigationTransitionStyleConverter.swift; sourceTree = "<group>"; };
		CCE3C2FB1C5B54CF005763AD /* PopoverAnimationContext.swift */ = {isa = PBXFileReference; fileEncoding = 4; lastKnownFileType = sourcecode.swift; path = PopoverAnimationContext.swift; sourceTree = "<group>"; };
		CCE3C2FC1C5B54CF005763AD /* PopoverAnimationContextCreator.swift */ = {isa = PBXFileReference; fileEncoding = 4; lastKnownFileType = sourcecode.swift; path = PopoverAnimationContextCreator.swift; sourceTree = "<group>"; };
		CCE3C2FD1C5B54CF005763AD /* PopoverAnimationSourceParameters.swift */ = {isa = PBXFileReference; fileEncoding = 4; lastKnownFileType = sourcecode.swift; path = PopoverAnimationSourceParameters.swift; sourceTree = "<group>"; };
		CCE3C2FE1C5B54CF005763AD /* PopoverAnimationStyle.swift */ = {isa = PBXFileReference; fileEncoding = 4; lastKnownFileType = sourcecode.swift; path = PopoverAnimationStyle.swift; sourceTree = "<group>"; };
		CCE3C2FF1C5B54CF005763AD /* PopoverTransitionStorableParameters.swift */ = {isa = PBXFileReference; fileEncoding = 4; lastKnownFileType = sourcecode.swift; path = PopoverTransitionStorableParameters.swift; sourceTree = "<group>"; };
		CCE3C3001C5B54CF005763AD /* PopoverTransitionStyleConverter.swift */ = {isa = PBXFileReference; fileEncoding = 4; lastKnownFileType = sourcecode.swift; path = PopoverTransitionStyleConverter.swift; sourceTree = "<group>"; };
		CCE3C3011C5B54CF005763AD /* PopoverTranstionsAnimator.swift */ = {isa = PBXFileReference; fileEncoding = 4; lastKnownFileType = sourcecode.swift; path = PopoverTranstionsAnimator.swift; sourceTree = "<group>"; };
		CCE3C3031C5B54CF005763AD /* RouterPresentable.swift */ = {isa = PBXFileReference; fileEncoding = 4; lastKnownFileType = sourcecode.swift; path = RouterPresentable.swift; sourceTree = "<group>"; };
		CCE3C3041C5B54CF005763AD /* RouterDismisable.swift */ = {isa = PBXFileReference; fileEncoding = 4; lastKnownFileType = sourcecode.swift; path = RouterDismisable.swift; sourceTree = "<group>"; };
		CCE3C3051C5B54CF005763AD /* RouterFocusable.swift */ = {isa = PBXFileReference; fileEncoding = 4; lastKnownFileType = sourcecode.swift; path = RouterFocusable.swift; sourceTree = "<group>"; };
		CCE3C3061C5B54CF005763AD /* SplitViewTransitionsHandler.swift */ = {isa = PBXFileReference; fileEncoding = 4; lastKnownFileType = sourcecode.swift; path = SplitViewTransitionsHandler.swift; sourceTree = "<group>"; };
		CCE3C3071C5B54CF005763AD /* TabBarTransitionsHandler.swift */ = {isa = PBXFileReference; fileEncoding = 4; lastKnownFileType = sourcecode.swift; path = TabBarTransitionsHandler.swift; sourceTree = "<group>"; };
		CCE3C3081C5B54CF005763AD /* TransitionAnimationContext.swift */ = {isa = PBXFileReference; fileEncoding = 4; lastKnownFileType = sourcecode.swift; path = TransitionAnimationContext.swift; sourceTree = "<group>"; };
		CCE3C3091C5B54CF005763AD /* TransitionAnimationContextCreator.swift */ = {isa = PBXFileReference; fileEncoding = 4; lastKnownFileType = sourcecode.swift; path = TransitionAnimationContextCreator.swift; sourceTree = "<group>"; };
		CCE3C30A1C5B54CF005763AD /* TransitionAnimationSourceParameters.swift */ = {isa = PBXFileReference; fileEncoding = 4; lastKnownFileType = sourcecode.swift; path = TransitionAnimationSourceParameters.swift; sourceTree = "<group>"; };
		CCE3C30B1C5B54CF005763AD /* TransitionAnimationTargetParameters.swift */ = {isa = PBXFileReference; fileEncoding = 4; lastKnownFileType = sourcecode.swift; path = TransitionAnimationTargetParameters.swift; sourceTree = "<group>"; };
		CCE3C30C1C5B54CF005763AD /* TransitionContextConverter.swift */ = {isa = PBXFileReference; fileEncoding = 4; lastKnownFileType = sourcecode.swift; path = TransitionContextConverter.swift; sourceTree = "<group>"; };
		CCE3C30D1C5B54CF005763AD /* TransitionContexts.swift */ = {isa = PBXFileReference; fileEncoding = 4; lastKnownFileType = sourcecode.swift; path = TransitionContexts.swift; sourceTree = "<group>"; };
		CCE3C30E1C5B54CF005763AD /* TransitionContextsStack.swift */ = {isa = PBXFileReference; fileEncoding = 4; lastKnownFileType = sourcecode.swift; path = TransitionContextsStack.swift; sourceTree = "<group>"; };
		CCE3C30F1C5B54CF005763AD /* TransitionContextsStackClient.swift */ = {isa = PBXFileReference; fileEncoding = 4; lastKnownFileType = sourcecode.swift; path = TransitionContextsStackClient.swift; sourceTree = "<group>"; };
		CCE3C3101C5B54CF005763AD /* TransitionContextsStackClientImpl.swift */ = {isa = PBXFileReference; fileEncoding = 4; lastKnownFileType = sourcecode.swift; path = TransitionContextsStackClientImpl.swift; sourceTree = "<group>"; };
		CCE3C3111C5B54CF005763AD /* TransitionIdGenerator.swift */ = {isa = PBXFileReference; fileEncoding = 4; lastKnownFileType = sourcecode.swift; path = TransitionIdGenerator.swift; sourceTree = "<group>"; };
		CCE3C3121C5B54CF005763AD /* TransitionIdGeneratorImpl.swift */ = {isa = PBXFileReference; fileEncoding = 4; lastKnownFileType = sourcecode.swift; path = TransitionIdGeneratorImpl.swift; sourceTree = "<group>"; };
		CCE3C3131C5B54CF005763AD /* TransitionIdGeneratorStorer.swift */ = {isa = PBXFileReference; fileEncoding = 4; lastKnownFileType = sourcecode.swift; path = TransitionIdGeneratorStorer.swift; sourceTree = "<group>"; };
		CCE3C3141C5B54CF005763AD /* TransitionsAnimator.swift */ = {isa = PBXFileReference; fileEncoding = 4; lastKnownFileType = sourcecode.swift; path = TransitionsAnimator.swift; sourceTree = "<group>"; };
		CCE3C3151C5B54CF005763AD /* TransitionsHandler.swift */ = {isa = PBXFileReference; fileEncoding = 4; lastKnownFileType = sourcecode.swift; path = TransitionsHandler.swift; sourceTree = "<group>"; };
		CCE3C3161C5B54CF005763AD /* TransitionStorableParameters.swift */ = {isa = PBXFileReference; fileEncoding = 4; lastKnownFileType = sourcecode.swift; path = TransitionStorableParameters.swift; sourceTree = "<group>"; };
		CCE3C3171C5B54CF005763AD /* TransitionStyle.swift */ = {isa = PBXFileReference; fileEncoding = 4; lastKnownFileType = sourcecode.swift; path = TransitionStyle.swift; sourceTree = "<group>"; };
		CCE3C3181C5B54CF005763AD /* TransitionStyleConverter.swift */ = {isa = PBXFileReference; fileEncoding = 4; lastKnownFileType = sourcecode.swift; path = TransitionStyleConverter.swift; sourceTree = "<group>"; };
		CCE3C3191C5B54CF005763AD /* UIViewController+Wrapping.swift */ = {isa = PBXFileReference; fileEncoding = 4; lastKnownFileType = sourcecode.swift; path = "UIViewController+Wrapping.swift"; sourceTree = "<group>"; };
		CCE3C3491C5B5811005763AD /* RouterIdentifiable.swift */ = {isa = PBXFileReference; fileEncoding = 4; lastKnownFileType = sourcecode.swift; path = RouterIdentifiable.swift; sourceTree = "<group>"; };
		CCE3C34B1C5B5C1C005763AD /* BaseRouter.swift */ = {isa = PBXFileReference; fileEncoding = 4; lastKnownFileType = sourcecode.swift; path = BaseRouter.swift; sourceTree = "<group>"; };
		CCE3C34D1C5B61DD005763AD /* BaseMasterDetailRouter.swift */ = {isa = PBXFileReference; fileEncoding = 4; lastKnownFileType = sourcecode.swift; path = BaseMasterDetailRouter.swift; sourceTree = "<group>"; };
		CCE3C34F1C5B8A1C005763AD /* TransitionContextsStackImpl.swift */ = {isa = PBXFileReference; fileEncoding = 4; lastKnownFileType = sourcecode.swift; path = TransitionContextsStackImpl.swift; sourceTree = "<group>"; };
		CCE8C93F1C561C780041801D /* FirstAssembly.swift */ = {isa = PBXFileReference; fileEncoding = 4; lastKnownFileType = sourcecode.swift; path = FirstAssembly.swift; sourceTree = "<group>"; };
		CCE8C9401C561C780041801D /* FirstAssemblyImpl.swift */ = {isa = PBXFileReference; fileEncoding = 4; lastKnownFileType = sourcecode.swift; path = FirstAssemblyImpl.swift; sourceTree = "<group>"; };
		CCE8C9411C561C780041801D /* FirstInteractor.swift */ = {isa = PBXFileReference; fileEncoding = 4; lastKnownFileType = sourcecode.swift; path = FirstInteractor.swift; sourceTree = "<group>"; };
		CCE8C9421C561C780041801D /* FirstInteractorImpl.swift */ = {isa = PBXFileReference; fileEncoding = 4; lastKnownFileType = sourcecode.swift; path = FirstInteractorImpl.swift; sourceTree = "<group>"; };
		CCE8C9431C561C780041801D /* FirstInteractorOutput.swift */ = {isa = PBXFileReference; fileEncoding = 4; lastKnownFileType = sourcecode.swift; path = FirstInteractorOutput.swift; sourceTree = "<group>"; };
		CCE8C9441C561C780041801D /* FirstModuleInput.swift */ = {isa = PBXFileReference; fileEncoding = 4; lastKnownFileType = sourcecode.swift; path = FirstModuleInput.swift; sourceTree = "<group>"; };
		CCE8C9451C561C780041801D /* FirstModuleOutput.swift */ = {isa = PBXFileReference; fileEncoding = 4; lastKnownFileType = sourcecode.swift; path = FirstModuleOutput.swift; sourceTree = "<group>"; };
		CCE8C9461C561C780041801D /* FirstOutput.swift */ = {isa = PBXFileReference; fileEncoding = 4; lastKnownFileType = sourcecode.swift; path = FirstOutput.swift; sourceTree = "<group>"; };
		CCE8C9471C561C780041801D /* FirstPresenter.swift */ = {isa = PBXFileReference; fileEncoding = 4; lastKnownFileType = sourcecode.swift; path = FirstPresenter.swift; sourceTree = "<group>"; };
		CCE8C9481C561C780041801D /* FirstRouter.swift */ = {isa = PBXFileReference; fileEncoding = 4; lastKnownFileType = sourcecode.swift; path = FirstRouter.swift; sourceTree = "<group>"; };
		CCE8C9491C561C780041801D /* FirstRouterImpl.swift */ = {isa = PBXFileReference; fileEncoding = 4; lastKnownFileType = sourcecode.swift; path = FirstRouterImpl.swift; sourceTree = "<group>"; };
		CCE8C94A1C561C780041801D /* FirstRouterImpl_iPadDetail.swift */ = {isa = PBXFileReference; fileEncoding = 4; lastKnownFileType = sourcecode.swift; path = FirstRouterImpl_iPadDetail.swift; sourceTree = "<group>"; };
		CCE8C94B1C561C780041801D /* FirstRouterImpl_iPadMaster.swift */ = {isa = PBXFileReference; fileEncoding = 4; lastKnownFileType = sourcecode.swift; path = FirstRouterImpl_iPadMaster.swift; sourceTree = "<group>"; };
		CCE8C94C1C561C780041801D /* FirstView.swift */ = {isa = PBXFileReference; fileEncoding = 4; lastKnownFileType = sourcecode.swift; path = FirstView.swift; sourceTree = "<group>"; };
		CCE8C94D1C561C780041801D /* FirstViewController.swift */ = {isa = PBXFileReference; fileEncoding = 4; lastKnownFileType = sourcecode.swift; path = FirstViewController.swift; sourceTree = "<group>"; };
		CCE8C94E1C561C780041801D /* FirstViewInput.swift */ = {isa = PBXFileReference; fileEncoding = 4; lastKnownFileType = sourcecode.swift; path = FirstViewInput.swift; sourceTree = "<group>"; };
		CCE8C9501C561C780041801D /* SecondAssembly.swift */ = {isa = PBXFileReference; fileEncoding = 4; lastKnownFileType = sourcecode.swift; path = SecondAssembly.swift; sourceTree = "<group>"; };
		CCE8C9511C561C780041801D /* SecondAssemblyImpl.swift */ = {isa = PBXFileReference; fileEncoding = 4; lastKnownFileType = sourcecode.swift; path = SecondAssemblyImpl.swift; sourceTree = "<group>"; };
		CCE8C9521C561C780041801D /* SecondInteractor.swift */ = {isa = PBXFileReference; fileEncoding = 4; lastKnownFileType = sourcecode.swift; path = SecondInteractor.swift; sourceTree = "<group>"; };
		CCE8C9531C561C780041801D /* SecondInteractorImpl.swift */ = {isa = PBXFileReference; fileEncoding = 4; lastKnownFileType = sourcecode.swift; path = SecondInteractorImpl.swift; sourceTree = "<group>"; };
		CCE8C9541C561C780041801D /* SecondInteractorOuput.swift */ = {isa = PBXFileReference; fileEncoding = 4; lastKnownFileType = sourcecode.swift; path = SecondInteractorOuput.swift; sourceTree = "<group>"; };
		CCE8C9551C561C780041801D /* SecondModuleInput.swift */ = {isa = PBXFileReference; fileEncoding = 4; lastKnownFileType = sourcecode.swift; path = SecondModuleInput.swift; sourceTree = "<group>"; };
		CCE8C9561C561C780041801D /* SecondModuleOutput.swift */ = {isa = PBXFileReference; fileEncoding = 4; lastKnownFileType = sourcecode.swift; path = SecondModuleOutput.swift; sourceTree = "<group>"; };
		CCE8C9571C561C780041801D /* SecondPresenter.swift */ = {isa = PBXFileReference; fileEncoding = 4; lastKnownFileType = sourcecode.swift; path = SecondPresenter.swift; sourceTree = "<group>"; };
		CCE8C9581C561C780041801D /* SecondRouter.swift */ = {isa = PBXFileReference; fileEncoding = 4; lastKnownFileType = sourcecode.swift; path = SecondRouter.swift; sourceTree = "<group>"; };
		CCE8C9591C561C780041801D /* SecondRouterImpl.swift */ = {isa = PBXFileReference; fileEncoding = 4; lastKnownFileType = sourcecode.swift; path = SecondRouterImpl.swift; sourceTree = "<group>"; };
		CCE8C95A1C561C780041801D /* SecondRouterImpl_iPad.swift */ = {isa = PBXFileReference; fileEncoding = 4; lastKnownFileType = sourcecode.swift; path = SecondRouterImpl_iPad.swift; sourceTree = "<group>"; };
		CCE8C95B1C561C780041801D /* SecondViewController.swift */ = {isa = PBXFileReference; fileEncoding = 4; lastKnownFileType = sourcecode.swift; path = SecondViewController.swift; sourceTree = "<group>"; };
		CCE8C95C1C561C780041801D /* SecondViewImpl.swift */ = {isa = PBXFileReference; fileEncoding = 4; lastKnownFileType = sourcecode.swift; path = SecondViewImpl.swift; sourceTree = "<group>"; };
		CCE8C95D1C561C780041801D /* SecondViewInput.swift */ = {isa = PBXFileReference; fileEncoding = 4; lastKnownFileType = sourcecode.swift; path = SecondViewInput.swift; sourceTree = "<group>"; };
		CCE8C95E1C561C780041801D /* SecondViewOutput.swift */ = {isa = PBXFileReference; fileEncoding = 4; lastKnownFileType = sourcecode.swift; path = SecondViewOutput.swift; sourceTree = "<group>"; };
		CCE8C9BC1C563A610041801D /* AuthorizationAssembly.swift */ = {isa = PBXFileReference; fileEncoding = 4; lastKnownFileType = sourcecode.swift; path = AuthorizationAssembly.swift; sourceTree = "<group>"; };
		CCE8C9BD1C563A610041801D /* AuthorizationAssemblyImpl.swift */ = {isa = PBXFileReference; fileEncoding = 4; lastKnownFileType = sourcecode.swift; path = AuthorizationAssemblyImpl.swift; sourceTree = "<group>"; };
		CCE8C9BE1C563A610041801D /* AuthorizationInteractor.swift */ = {isa = PBXFileReference; fileEncoding = 4; lastKnownFileType = sourcecode.swift; path = AuthorizationInteractor.swift; sourceTree = "<group>"; };
		CCE8C9BF1C563A610041801D /* AuthorizationInteractorImpl.swift */ = {isa = PBXFileReference; fileEncoding = 4; lastKnownFileType = sourcecode.swift; path = AuthorizationInteractorImpl.swift; sourceTree = "<group>"; };
		CCE8C9C01C563A610041801D /* AuthorizationPresenter.swift */ = {isa = PBXFileReference; fileEncoding = 4; lastKnownFileType = sourcecode.swift; path = AuthorizationPresenter.swift; sourceTree = "<group>"; };
		CCE8C9C11C563A610041801D /* AuthorizationRouter.swift */ = {isa = PBXFileReference; fileEncoding = 4; lastKnownFileType = sourcecode.swift; path = AuthorizationRouter.swift; sourceTree = "<group>"; };
		CCE8C9C21C563A610041801D /* AuthorizationRouterImpl.swift */ = {isa = PBXFileReference; fileEncoding = 4; lastKnownFileType = sourcecode.swift; path = AuthorizationRouterImpl.swift; sourceTree = "<group>"; };
		CCE8C9C41C563A610041801D /* AuthorizationViewController.swift */ = {isa = PBXFileReference; fileEncoding = 4; lastKnownFileType = sourcecode.swift; path = AuthorizationViewController.swift; sourceTree = "<group>"; };
		CCE8C9C71C563A610041801D /* AuthorizationModuleInput.swift */ = {isa = PBXFileReference; fileEncoding = 4; lastKnownFileType = sourcecode.swift; path = AuthorizationModuleInput.swift; sourceTree = "<group>"; };
		CCE8C9C81C563A610041801D /* AuthorizationModuleOutput.swift */ = {isa = PBXFileReference; fileEncoding = 4; lastKnownFileType = sourcecode.swift; path = AuthorizationModuleOutput.swift; sourceTree = "<group>"; };
		CCE8C9C91C563A610041801D /* AuthorizationViewOutput.swift */ = {isa = PBXFileReference; fileEncoding = 4; lastKnownFileType = sourcecode.swift; path = AuthorizationViewOutput.swift; sourceTree = "<group>"; };
/* End PBXFileReference section */

/* Begin PBXFrameworksBuildPhase section */
		CCE12EF31C50ECBA00909924 /* Frameworks */ = {
			isa = PBXFrameworksBuildPhase;
			buildActionMask = 2147483647;
			files = (
			);
			runOnlyForDeploymentPostprocessing = 0;
		};
/* End PBXFrameworksBuildPhase section */

/* Begin PBXGroup section */
		CCE12EED1C50ECBA00909924 = {
			isa = PBXGroup;
			children = (
				CCE12EF81C50ECBA00909924 /* Navigation-Prototype */,
				CCE12EF71C50ECBA00909924 /* Products */,
			);
			sourceTree = "<group>";
		};
		CCE12EF71C50ECBA00909924 /* Products */ = {
			isa = PBXGroup;
			children = (
				CCE12EF61C50ECBA00909924 /* Navigation-Prototype.app */,
			);
			name = Products;
			sourceTree = "<group>";
		};
		CCE12EF81C50ECBA00909924 /* Navigation-Prototype */ = {
			isa = PBXGroup;
			children = (
				CCE12EF91C50ECBA00909924 /* AppDelegate.swift */,
				CCE12F2C1C50F00E00909924 /* General */,
				CCE12F8B1C50F19300909924 /* Transitions */,
				CCE12F2F1C50F0A500909924 /* ApplicationModule */,
				CCE8C93E1C561C780041801D /* FirstModule */,
				CCE8C94F1C561C780041801D /* SecondModule */,
				CCE8C99D1C563A430041801D /* AuthorizationModule */,
				CCE12F021C50ECBA00909924 /* Assets.xcassets */,
				CCE12F041C50ECBA00909924 /* LaunchScreen.storyboard */,
				CCE12F071C50ECBA00909924 /* Info.plist */,
			);
			path = "Navigation-Prototype";
			sourceTree = "<group>";
		};
		CCE12F2C1C50F00E00909924 /* General */ = {
			isa = PBXGroup;
			children = (
				CCE12F2D1C50F02A00909924 /* AssemblyFactory.swift */,
			);
			path = General;
			sourceTree = "<group>";
		};
		CCE12F2F1C50F0A500909924 /* ApplicationModule */ = {
			isa = PBXGroup;
			children = (
				CCB348CC1C5BAA83005BD40F /* ApplicationAssembly.swift */,
				CCB348CD1C5BAA83005BD40F /* ApplicationAssemblyImpl.swift */,
				CCB348CE1C5BAA83005BD40F /* ApplicationInteractor.swift */,
				CCB348CF1C5BAA83005BD40F /* ApplicationInteractorImpl.swift */,
				CCB348D01C5BAA83005BD40F /* ApplicationModuleInput.swift */,
				CCB348D11C5BAA83005BD40F /* ApplicationPresenter.swift */,
				CCB348D21C5BAA83005BD40F /* ApplicationRouter.swift */,
				CCB348D31C5BAA83005BD40F /* ApplicationRouterImpl.swift */,
				CCB348D41C5BAA83005BD40F /* ApplicationViewController.swift */,
				CCB348DE1C5BAB61005BD40F /* ApplicationViewInput.swift */,
				CCB348E01C5BABB2005BD40F /* ApplicationViewOutput.swift */,
			);
			path = ApplicationModule;
			sourceTree = "<group>";
		};
		CCE12F8B1C50F19300909924 /* Transitions */ = {
			isa = PBXGroup;
			children = (
				CCE3C2EE1C5B54CF005763AD /* DetailRouter.swift */,
				CCE3C2EF1C5B54CF005763AD /* DetaiRouterTransitionable.swift */,
				CCE3C2F01C5B54CF005763AD /* MasterRouter.swift */,
				CCE3C34B1C5B5C1C005763AD /* BaseRouter.swift */,
				CCE3C34D1C5B61DD005763AD /* BaseMasterDetailRouter.swift */,
				CCE3C2F11C5B54CF005763AD /* MasterRouterTransitionable.swift */,
				CCE3C2F21C5B54CF005763AD /* NavigationAnimationContext.swift */,
				CCE3C2F31C5B54CF005763AD /* NavigationAnimationContextCreator.swift */,
				CCE3C2F41C5B54CF005763AD /* NavigationAnimationSourceParameters.swift */,
				CCE3C2F51C5B54CF005763AD /* NavigationAnimationStyle.swift */,
				CCE3C2F61C5B54CF005763AD /* NavigationTransitionsAnimator.swift */,
				CCE3C2F71C5B54CF005763AD /* NavigationTransitionsHandler.swift */,
				CCE3C2F81C5B54CF005763AD /* NavigationTransitionsHandlerDelegate.swift */,
				CCE3C2F91C5B54CF005763AD /* NavigationTransitionStorableParameters.swift */,
				CCE3C2FA1C5B54CF005763AD /* NavigationTransitionStyleConverter.swift */,
				CCE3C2FB1C5B54CF005763AD /* PopoverAnimationContext.swift */,
				CCE3C2FC1C5B54CF005763AD /* PopoverAnimationContextCreator.swift */,
				CCE3C2FD1C5B54CF005763AD /* PopoverAnimationSourceParameters.swift */,
				CCE3C2FE1C5B54CF005763AD /* PopoverAnimationStyle.swift */,
				CCE3C2FF1C5B54CF005763AD /* PopoverTransitionStorableParameters.swift */,
				CCE3C3001C5B54CF005763AD /* PopoverTransitionStyleConverter.swift */,
				CCE3C3011C5B54CF005763AD /* PopoverTranstionsAnimator.swift */,
				CCE3C2EC1C5B54CF005763AD /* Router.swift */,
				CCE3C3041C5B54CF005763AD /* RouterDismisable.swift */,
				CCE3C3051C5B54CF005763AD /* RouterFocusable.swift */,
				CCE3C3491C5B5811005763AD /* RouterIdentifiable.swift */,
				CCE3C3031C5B54CF005763AD /* RouterPresentable.swift */,
				CCE3C2ED1C5B54CF005763AD /* RouterTransitionable.swift */,
				CCE3C3061C5B54CF005763AD /* SplitViewTransitionsHandler.swift */,
				CCE3C3071C5B54CF005763AD /* TabBarTransitionsHandler.swift */,
				CCE3C3081C5B54CF005763AD /* TransitionAnimationContext.swift */,
				CCE3C3091C5B54CF005763AD /* TransitionAnimationContextCreator.swift */,
				CCE3C30A1C5B54CF005763AD /* TransitionAnimationSourceParameters.swift */,
				CCE3C30B1C5B54CF005763AD /* TransitionAnimationTargetParameters.swift */,
				CCE3C30C1C5B54CF005763AD /* TransitionContextConverter.swift */,
				CCE309F71C5F7E5100C3E873 /* TransitionContextConverterImpl.swift */,
				CCE3C30D1C5B54CF005763AD /* TransitionContexts.swift */,
				CCE3C30E1C5B54CF005763AD /* TransitionContextsStack.swift */,
				CCE3C34F1C5B8A1C005763AD /* TransitionContextsStackImpl.swift */,
				CCE3C30F1C5B54CF005763AD /* TransitionContextsStackClient.swift */,
				CCE3C3101C5B54CF005763AD /* TransitionContextsStackClientImpl.swift */,
				CCE3C3111C5B54CF005763AD /* TransitionIdGenerator.swift */,
				CCE3C3121C5B54CF005763AD /* TransitionIdGeneratorImpl.swift */,
				CCE3C3131C5B54CF005763AD /* TransitionIdGeneratorStorer.swift */,
				CCE3C3141C5B54CF005763AD /* TransitionsAnimator.swift */,
				CCE3C3151C5B54CF005763AD /* TransitionsHandler.swift */,
				CCE3C3161C5B54CF005763AD /* TransitionStorableParameters.swift */,
				CCE3C3171C5B54CF005763AD /* TransitionStyle.swift */,
				CCE3C3181C5B54CF005763AD /* TransitionStyleConverter.swift */,
				CCE3C3191C5B54CF005763AD /* UIViewController+Wrapping.swift */,
			);
			name = Transitions;
			path = General;
			sourceTree = "<group>";
		};
		CCE8C93E1C561C780041801D /* FirstModule */ = {
			isa = PBXGroup;
			children = (
				CCE8C93F1C561C780041801D /* FirstAssembly.swift */,
				CCE8C9401C561C780041801D /* FirstAssemblyImpl.swift */,
				CCE8C9411C561C780041801D /* FirstInteractor.swift */,
				CCE8C9421C561C780041801D /* FirstInteractorImpl.swift */,
				CCE8C9431C561C780041801D /* FirstInteractorOutput.swift */,
				CCE8C9441C561C780041801D /* FirstModuleInput.swift */,
				CCE8C9451C561C780041801D /* FirstModuleOutput.swift */,
				CCE8C9461C561C780041801D /* FirstOutput.swift */,
				CCE8C9471C561C780041801D /* FirstPresenter.swift */,
				CCE8C9481C561C780041801D /* FirstRouter.swift */,
				CCE8C9491C561C780041801D /* FirstRouterImpl.swift */,
				CCE8C94A1C561C780041801D /* FirstRouterImpl_iPadDetail.swift */,
				CCE8C94B1C561C780041801D /* FirstRouterImpl_iPadMaster.swift */,
				CCE8C94C1C561C780041801D /* FirstView.swift */,
				CCE8C94D1C561C780041801D /* FirstViewController.swift */,
				CCE8C94E1C561C780041801D /* FirstViewInput.swift */,
			);
			path = FirstModule;
			sourceTree = "<group>";
		};
		CCE8C94F1C561C780041801D /* SecondModule */ = {
			isa = PBXGroup;
			children = (
				CCE8C9501C561C780041801D /* SecondAssembly.swift */,
				CCE8C9511C561C780041801D /* SecondAssemblyImpl.swift */,
				CCE309F51C5F562E00C3E873 /* SecondAssemblyImpl_PushSecondModule.swift */,
				CCE8C9521C561C780041801D /* SecondInteractor.swift */,
				CCE8C9531C561C780041801D /* SecondInteractorImpl.swift */,
				CCE8C9541C561C780041801D /* SecondInteractorOuput.swift */,
				CCE8C9551C561C780041801D /* SecondModuleInput.swift */,
				CCE8C9561C561C780041801D /* SecondModuleOutput.swift */,
				CCE8C9571C561C780041801D /* SecondPresenter.swift */,
				CCE8C9581C561C780041801D /* SecondRouter.swift */,
				CCE8C9591C561C780041801D /* SecondRouterImpl.swift */,
				CCE8C95A1C561C780041801D /* SecondRouterImpl_iPad.swift */,
				CCE309F11C5F55E000C3E873 /* SecondRouterImpl_iPad_PushSecondModule.swift */,
				CCE309F21C5F55E000C3E873 /* SecondRouterImpl_PushSecondModule.swift */,
				CCE8C95B1C561C780041801D /* SecondViewController.swift */,
				CCE8C95C1C561C780041801D /* SecondViewImpl.swift */,
				CCE8C95D1C561C780041801D /* SecondViewInput.swift */,
				CCE8C95E1C561C780041801D /* SecondViewOutput.swift */,
			);
			path = SecondModule;
			sourceTree = "<group>";
		};
		CCE8C99D1C563A430041801D /* AuthorizationModule */ = {
			isa = PBXGroup;
			children = (
				CCE8C9BC1C563A610041801D /* AuthorizationAssembly.swift */,
				CCE8C9BD1C563A610041801D /* AuthorizationAssemblyImpl.swift */,
				CCE8C9BE1C563A610041801D /* AuthorizationInteractor.swift */,
				CCE8C9BF1C563A610041801D /* AuthorizationInteractorImpl.swift */,
				CCE8C9C01C563A610041801D /* AuthorizationPresenter.swift */,
				CCE8C9C11C563A610041801D /* AuthorizationRouter.swift */,
				CCE8C9C21C563A610041801D /* AuthorizationRouterImpl.swift */,
				CCE8C9C41C563A610041801D /* AuthorizationViewController.swift */,
				CCB348E21C5BB204005BD40F /* AuthorizationViewInput.swift */,
				CCE8C9C91C563A610041801D /* AuthorizationViewOutput.swift */,
				CCE8C9C71C563A610041801D /* AuthorizationModuleInput.swift */,
				CCE8C9C81C563A610041801D /* AuthorizationModuleOutput.swift */,
			);
			path = AuthorizationModule;
			sourceTree = "<group>";
		};
/* End PBXGroup section */

/* Begin PBXNativeTarget section */
		CCE12EF51C50ECBA00909924 /* Navigation-Prototype */ = {
			isa = PBXNativeTarget;
			buildConfigurationList = CCE12F0A1C50ECBA00909924 /* Build configuration list for PBXNativeTarget "Navigation-Prototype" */;
			buildPhases = (
				CCE12EF21C50ECBA00909924 /* Sources */,
				CCE12EF31C50ECBA00909924 /* Frameworks */,
				CCE12EF41C50ECBA00909924 /* Resources */,
			);
			buildRules = (
			);
			dependencies = (
			);
			name = "Navigation-Prototype";
			productName = "Navigation-Prototype";
			productReference = CCE12EF61C50ECBA00909924 /* Navigation-Prototype.app */;
			productType = "com.apple.product-type.application";
		};
/* End PBXNativeTarget section */

/* Begin PBXProject section */
		CCE12EEE1C50ECBA00909924 /* Project object */ = {
			isa = PBXProject;
			attributes = {
				LastSwiftUpdateCheck = 0720;
				LastUpgradeCheck = 0720;
				ORGANIZATIONNAME = "Тимур Юсипов";
				TargetAttributes = {
					CCE12EF51C50ECBA00909924 = {
						CreatedOnToolsVersion = 7.2;
					};
				};
			};
			buildConfigurationList = CCE12EF11C50ECBA00909924 /* Build configuration list for PBXProject "Navigation-Prototype" */;
			compatibilityVersion = "Xcode 3.2";
			developmentRegion = English;
			hasScannedForEncodings = 0;
			knownRegions = (
				en,
				Base,
			);
			mainGroup = CCE12EED1C50ECBA00909924;
			productRefGroup = CCE12EF71C50ECBA00909924 /* Products */;
			projectDirPath = "";
			projectRoot = "";
			targets = (
				CCE12EF51C50ECBA00909924 /* Navigation-Prototype */,
			);
		};
/* End PBXProject section */

/* Begin PBXResourcesBuildPhase section */
		CCE12EF41C50ECBA00909924 /* Resources */ = {
			isa = PBXResourcesBuildPhase;
			buildActionMask = 2147483647;
			files = (
				CCE12F061C50ECBA00909924 /* LaunchScreen.storyboard in Resources */,
				CCE12F031C50ECBA00909924 /* Assets.xcassets in Resources */,
			);
			runOnlyForDeploymentPostprocessing = 0;
		};
/* End PBXResourcesBuildPhase section */

/* Begin PBXSourcesBuildPhase section */
		CCE12EF21C50ECBA00909924 /* Sources */ = {
			isa = PBXSourcesBuildPhase;
			buildActionMask = 2147483647;
			files = (
				CCE8C9CF1C563A610041801D /* AuthorizationPresenter.swift in Sources */,
				CCE3C3461C5B54CF005763AD /* TransitionStyle.swift in Sources */,
				CCE8C97C1C561C780041801D /* SecondViewInput.swift in Sources */,
				CCB348E11C5BABB2005BD40F /* ApplicationViewOutput.swift in Sources */,
				CCE3C31E1C5B54CF005763AD /* DetaiRouterTransitionable.swift in Sources */,
				CCE3C33C1C5B54CF005763AD /* TransitionContexts.swift in Sources */,
				CCE8C9671C561C780041801D /* FirstPresenter.swift in Sources */,
				CCE8C9781C561C780041801D /* SecondRouterImpl.swift in Sources */,
				CCE3C31B1C5B54CF005763AD /* Router.swift in Sources */,
				CCE309F81C5F7E5100C3E873 /* TransitionContextConverterImpl.swift in Sources */,
				CCE3C3231C5B54CF005763AD /* NavigationAnimationSourceParameters.swift in Sources */,
				CCE8C97D1C561C780041801D /* SecondViewOutput.swift in Sources */,
				CCE8C9661C561C780041801D /* FirstOutput.swift in Sources */,
				CCB348DF1C5BAB61005BD40F /* ApplicationViewInput.swift in Sources */,
				CCE8C9D61C563A610041801D /* AuthorizationModuleInput.swift in Sources */,
				CCE3C3301C5B54CF005763AD /* PopoverTranstionsAnimator.swift in Sources */,
				CCE12EFA1C50ECBA00909924 /* AppDelegate.swift in Sources */,
				CCE3C3451C5B54CF005763AD /* TransitionStorableParameters.swift in Sources */,
				CCE3C34E1C5B61DD005763AD /* BaseMasterDetailRouter.swift in Sources */,
				CCE3C33F1C5B54CF005763AD /* TransitionContextsStackClientImpl.swift in Sources */,
				CCE8C9641C561C780041801D /* FirstModuleInput.swift in Sources */,
				CCE3C3221C5B54CF005763AD /* NavigationAnimationContextCreator.swift in Sources */,
				CCE8C96B1C561C780041801D /* FirstRouterImpl_iPadMaster.swift in Sources */,
				CCB348DC1C5BAA83005BD40F /* ApplicationRouterImpl.swift in Sources */,
				CCE3C32F1C5B54CF005763AD /* PopoverTransitionStyleConverter.swift in Sources */,
				CCE8C9791C561C780041801D /* SecondRouterImpl_iPad.swift in Sources */,
				CCE3C32D1C5B54CF005763AD /* PopoverAnimationStyle.swift in Sources */,
				CCE3C3331C5B54CF005763AD /* RouterDismisable.swift in Sources */,
				CCB348DA1C5BAA83005BD40F /* ApplicationPresenter.swift in Sources */,
				CCE8C96F1C561C780041801D /* SecondAssembly.swift in Sources */,
				CCE3C3321C5B54CF005763AD /* RouterPresentable.swift in Sources */,
				CCE3C32E1C5B54CF005763AD /* PopoverTransitionStorableParameters.swift in Sources */,
				CCE3C3341C5B54CF005763AD /* RouterFocusable.swift in Sources */,
				CCE309F31C5F55E000C3E873 /* SecondRouterImpl_iPad_PushSecondModule.swift in Sources */,
				CCE3C3251C5B54CF005763AD /* NavigationTransitionsAnimator.swift in Sources */,
				CCE3C3471C5B54CF005763AD /* TransitionStyleConverter.swift in Sources */,
				CCE309F61C5F562E00C3E873 /* SecondAssemblyImpl_PushSecondModule.swift in Sources */,
				CCE8C95F1C561C780041801D /* FirstAssembly.swift in Sources */,
				CCE3C3501C5B8A1C005763AD /* TransitionContextsStackImpl.swift in Sources */,
				CCE8C9601C561C780041801D /* FirstAssemblyImpl.swift in Sources */,
				CCE8C9D11C563A610041801D /* AuthorizationRouterImpl.swift in Sources */,
				CCE8C9CC1C563A610041801D /* AuthorizationAssemblyImpl.swift in Sources */,
				CCE8C9711C561C780041801D /* SecondInteractor.swift in Sources */,
				CCE3C3441C5B54CF005763AD /* TransitionsHandler.swift in Sources */,
				CCE8C9751C561C780041801D /* SecondModuleOutput.swift in Sources */,
				CCE8C96C1C561C780041801D /* FirstView.swift in Sources */,
				CCE8C9D01C563A610041801D /* AuthorizationRouter.swift in Sources */,
				CCE3C32C1C5B54CF005763AD /* PopoverAnimationSourceParameters.swift in Sources */,
				CCE8C96D1C561C780041801D /* FirstViewController.swift in Sources */,
				CCE3C33A1C5B54CF005763AD /* TransitionAnimationTargetParameters.swift in Sources */,
				CCE309F41C5F55E000C3E873 /* SecondRouterImpl_PushSecondModule.swift in Sources */,
				CCE3C3381C5B54CF005763AD /* TransitionAnimationContextCreator.swift in Sources */,
				CCE3C3291C5B54CF005763AD /* NavigationTransitionStyleConverter.swift in Sources */,
				CCE8C9611C561C780041801D /* FirstInteractor.swift in Sources */,
				CCE3C3481C5B54CF005763AD /* UIViewController+Wrapping.swift in Sources */,
				CCE3C32B1C5B54CF005763AD /* PopoverAnimationContextCreator.swift in Sources */,
				CCE8C9CB1C563A610041801D /* AuthorizationAssembly.swift in Sources */,
				CCE3C3391C5B54CF005763AD /* TransitionAnimationSourceParameters.swift in Sources */,
				CCE8C9D81C563A610041801D /* AuthorizationViewOutput.swift in Sources */,
				CCE8C96E1C561C780041801D /* FirstViewInput.swift in Sources */,
				CCE8C9721C561C780041801D /* SecondInteractorImpl.swift in Sources */,
				CCB348DD1C5BAA83005BD40F /* ApplicationViewController.swift in Sources */,
				CCE8C9631C561C780041801D /* FirstInteractorOutput.swift in Sources */,
				CCE8C9741C561C780041801D /* SecondModuleInput.swift in Sources */,
				CCB348D51C5BAA83005BD40F /* ApplicationAssembly.swift in Sources */,
				CCE8C9761C561C780041801D /* SecondPresenter.swift in Sources */,
				CCE8C9681C561C780041801D /* FirstRouter.swift in Sources */,
				CCB348D81C5BAA83005BD40F /* ApplicationInteractorImpl.swift in Sources */,
				CCE3C33E1C5B54CF005763AD /* TransitionContextsStackClient.swift in Sources */,
				CCE3C3401C5B54CF005763AD /* TransitionIdGenerator.swift in Sources */,
				CCE3C32A1C5B54CF005763AD /* PopoverAnimationContext.swift in Sources */,
				CCB348D61C5BAA83005BD40F /* ApplicationAssemblyImpl.swift in Sources */,
				CCE3C33D1C5B54CF005763AD /* TransitionContextsStack.swift in Sources */,
				CCE3C3261C5B54CF005763AD /* NavigationTransitionsHandler.swift in Sources */,
				CCB348D91C5BAA83005BD40F /* ApplicationModuleInput.swift in Sources */,
				CCE3C3281C5B54CF005763AD /* NavigationTransitionStorableParameters.swift in Sources */,
				CCE3C34A1C5B5811005763AD /* RouterIdentifiable.swift in Sources */,
				CCE3C3211C5B54CF005763AD /* NavigationAnimationContext.swift in Sources */,
				CCE3C3351C5B54CF005763AD /* SplitViewTransitionsHandler.swift in Sources */,
				CCB348D71C5BAA83005BD40F /* ApplicationInteractor.swift in Sources */,
				CCE8C9D31C563A610041801D /* AuthorizationViewController.swift in Sources */,
				CCE8C9691C561C780041801D /* FirstRouterImpl.swift in Sources */,
				CCE8C96A1C561C780041801D /* FirstRouterImpl_iPadDetail.swift in Sources */,
				CCE8C9771C561C780041801D /* SecondRouter.swift in Sources */,
				CCE3C3371C5B54CF005763AD /* TransitionAnimationContext.swift in Sources */,
				CCE8C9CD1C563A610041801D /* AuthorizationInteractor.swift in Sources */,
				CCE3C31C1C5B54CF005763AD /* RouterTransitionable.swift in Sources */,
				CCE8C97A1C561C780041801D /* SecondViewController.swift in Sources */,
				CCE3C3421C5B54CF005763AD /* TransitionIdGeneratorStorer.swift in Sources */,
				CCB348E31C5BB204005BD40F /* AuthorizationViewInput.swift in Sources */,
				CCE8C9D71C563A610041801D /* AuthorizationModuleOutput.swift in Sources */,
				CCE8C9621C561C780041801D /* FirstInteractorImpl.swift in Sources */,
				CCE3C3361C5B54CF005763AD /* TabBarTransitionsHandler.swift in Sources */,
				CCE12F2E1C50F02A00909924 /* AssemblyFactory.swift in Sources */,
				CCE3C33B1C5B54CF005763AD /* TransitionContextConverter.swift in Sources */,
				CCE3C3271C5B54CF005763AD /* NavigationTransitionsHandlerDelegate.swift in Sources */,
				CCE8C97B1C561C780041801D /* SecondViewImpl.swift in Sources */,
				CCB348DB1C5BAA83005BD40F /* ApplicationRouter.swift in Sources */,
				CCE8C9651C561C780041801D /* FirstModuleOutput.swift in Sources */,
				CCE8C9CE1C563A610041801D /* AuthorizationInteractorImpl.swift in Sources */,
				CCE8C9731C561C780041801D /* SecondInteractorOuput.swift in Sources */,
				CCE3C31F1C5B54CF005763AD /* MasterRouter.swift in Sources */,
				CCE3C3241C5B54CF005763AD /* NavigationAnimationStyle.swift in Sources */,
				CCE3C3411C5B54CF005763AD /* TransitionIdGeneratorImpl.swift in Sources */,
				CCE3C3201C5B54CF005763AD /* MasterRouterTransitionable.swift in Sources */,
				CCE3C31D1C5B54CF005763AD /* DetailRouter.swift in Sources */,
				CCE3C3431C5B54CF005763AD /* TransitionsAnimator.swift in Sources */,
				CCE8C9701C561C780041801D /* SecondAssemblyImpl.swift in Sources */,
				CCE3C34C1C5B5C1C005763AD /* BaseRouter.swift in Sources */,
			);
			runOnlyForDeploymentPostprocessing = 0;
		};
/* End PBXSourcesBuildPhase section */

/* Begin PBXVariantGroup section */
		CCE12F041C50ECBA00909924 /* LaunchScreen.storyboard */ = {
			isa = PBXVariantGroup;
			children = (
				CCE12F051C50ECBA00909924 /* Base */,
			);
			name = LaunchScreen.storyboard;
			sourceTree = "<group>";
		};
/* End PBXVariantGroup section */

/* Begin XCBuildConfiguration section */
		CCE12F081C50ECBA00909924 /* Debug */ = {
			isa = XCBuildConfiguration;
			buildSettings = {
				ALWAYS_SEARCH_USER_PATHS = NO;
				CLANG_CXX_LANGUAGE_STANDARD = "gnu++0x";
				CLANG_CXX_LIBRARY = "libc++";
				CLANG_ENABLE_MODULES = YES;
				CLANG_ENABLE_OBJC_ARC = YES;
				CLANG_WARN_BOOL_CONVERSION = YES;
				CLANG_WARN_CONSTANT_CONVERSION = YES;
				CLANG_WARN_DIRECT_OBJC_ISA_USAGE = YES_ERROR;
				CLANG_WARN_EMPTY_BODY = YES;
				CLANG_WARN_ENUM_CONVERSION = YES;
				CLANG_WARN_INT_CONVERSION = YES;
				CLANG_WARN_OBJC_ROOT_CLASS = YES_ERROR;
				CLANG_WARN_UNREACHABLE_CODE = YES;
				CLANG_WARN__DUPLICATE_METHOD_MATCH = YES;
				"CODE_SIGN_IDENTITY[sdk=iphoneos*]" = "iPhone Developer";
				COPY_PHASE_STRIP = NO;
				DEBUG_INFORMATION_FORMAT = dwarf;
				ENABLE_STRICT_OBJC_MSGSEND = YES;
				ENABLE_TESTABILITY = YES;
				GCC_C_LANGUAGE_STANDARD = gnu99;
				GCC_DYNAMIC_NO_PIC = NO;
				GCC_NO_COMMON_BLOCKS = YES;
				GCC_OPTIMIZATION_LEVEL = 0;
				GCC_PREPROCESSOR_DEFINITIONS = (
					"DEBUG=1",
					"$(inherited)",
				);
				GCC_WARN_64_TO_32_BIT_CONVERSION = YES;
				GCC_WARN_ABOUT_RETURN_TYPE = YES_ERROR;
				GCC_WARN_UNDECLARED_SELECTOR = YES;
				GCC_WARN_UNINITIALIZED_AUTOS = YES_AGGRESSIVE;
				GCC_WARN_UNUSED_FUNCTION = YES;
				GCC_WARN_UNUSED_VARIABLE = YES;
				IPHONEOS_DEPLOYMENT_TARGET = 9.2;
				MTL_ENABLE_DEBUG_INFO = YES;
				ONLY_ACTIVE_ARCH = YES;
				SDKROOT = iphoneos;
				SWIFT_OPTIMIZATION_LEVEL = "-Onone";
				TARGETED_DEVICE_FAMILY = "1,2";
			};
			name = Debug;
		};
		CCE12F091C50ECBA00909924 /* Release */ = {
			isa = XCBuildConfiguration;
			buildSettings = {
				ALWAYS_SEARCH_USER_PATHS = NO;
				CLANG_CXX_LANGUAGE_STANDARD = "gnu++0x";
				CLANG_CXX_LIBRARY = "libc++";
				CLANG_ENABLE_MODULES = YES;
				CLANG_ENABLE_OBJC_ARC = YES;
				CLANG_WARN_BOOL_CONVERSION = YES;
				CLANG_WARN_CONSTANT_CONVERSION = YES;
				CLANG_WARN_DIRECT_OBJC_ISA_USAGE = YES_ERROR;
				CLANG_WARN_EMPTY_BODY = YES;
				CLANG_WARN_ENUM_CONVERSION = YES;
				CLANG_WARN_INT_CONVERSION = YES;
				CLANG_WARN_OBJC_ROOT_CLASS = YES_ERROR;
				CLANG_WARN_UNREACHABLE_CODE = YES;
				CLANG_WARN__DUPLICATE_METHOD_MATCH = YES;
				"CODE_SIGN_IDENTITY[sdk=iphoneos*]" = "iPhone Developer";
				COPY_PHASE_STRIP = NO;
				DEBUG_INFORMATION_FORMAT = "dwarf-with-dsym";
				ENABLE_NS_ASSERTIONS = NO;
				ENABLE_STRICT_OBJC_MSGSEND = YES;
				GCC_C_LANGUAGE_STANDARD = gnu99;
				GCC_NO_COMMON_BLOCKS = YES;
				GCC_WARN_64_TO_32_BIT_CONVERSION = YES;
				GCC_WARN_ABOUT_RETURN_TYPE = YES_ERROR;
				GCC_WARN_UNDECLARED_SELECTOR = YES;
				GCC_WARN_UNINITIALIZED_AUTOS = YES_AGGRESSIVE;
				GCC_WARN_UNUSED_FUNCTION = YES;
				GCC_WARN_UNUSED_VARIABLE = YES;
				IPHONEOS_DEPLOYMENT_TARGET = 9.2;
				MTL_ENABLE_DEBUG_INFO = NO;
				SDKROOT = iphoneos;
				TARGETED_DEVICE_FAMILY = "1,2";
				VALIDATE_PRODUCT = YES;
			};
			name = Release;
		};
		CCE12F0B1C50ECBA00909924 /* Debug */ = {
			isa = XCBuildConfiguration;
			buildSettings = {
				ASSETCATALOG_COMPILER_APPICON_NAME = AppIcon;
				INFOPLIST_FILE = "Navigation-Prototype/Info.plist";
				LD_RUNPATH_SEARCH_PATHS = "$(inherited) @executable_path/Frameworks";
				PRODUCT_BUNDLE_IDENTIFIER = "com.fizmatchel.navigation-prototype.Navigation-Prototype";
				PRODUCT_NAME = "$(TARGET_NAME)";
			};
			name = Debug;
		};
		CCE12F0C1C50ECBA00909924 /* Release */ = {
			isa = XCBuildConfiguration;
			buildSettings = {
				ASSETCATALOG_COMPILER_APPICON_NAME = AppIcon;
				INFOPLIST_FILE = "Navigation-Prototype/Info.plist";
				LD_RUNPATH_SEARCH_PATHS = "$(inherited) @executable_path/Frameworks";
				PRODUCT_BUNDLE_IDENTIFIER = "com.fizmatchel.navigation-prototype.Navigation-Prototype";
				PRODUCT_NAME = "$(TARGET_NAME)";
			};
			name = Release;
		};
/* End XCBuildConfiguration section */

/* Begin XCConfigurationList section */
		CCE12EF11C50ECBA00909924 /* Build configuration list for PBXProject "Navigation-Prototype" */ = {
			isa = XCConfigurationList;
			buildConfigurations = (
				CCE12F081C50ECBA00909924 /* Debug */,
				CCE12F091C50ECBA00909924 /* Release */,
			);
			defaultConfigurationIsVisible = 0;
			defaultConfigurationName = Release;
		};
		CCE12F0A1C50ECBA00909924 /* Build configuration list for PBXNativeTarget "Navigation-Prototype" */ = {
			isa = XCConfigurationList;
			buildConfigurations = (
				CCE12F0B1C50ECBA00909924 /* Debug */,
				CCE12F0C1C50ECBA00909924 /* Release */,
			);
			defaultConfigurationIsVisible = 0;
			defaultConfigurationName = Release;
		};
/* End XCConfigurationList section */
	};
	rootObject = CCE12EEE1C50ECBA00909924 /* Project object */;
}
